// !$*UTF8*$!
{
	archiveVersion = 1;
	classes = {
	};
	objectVersion = 46;
	objects = {

/* Begin PBXBuildFile section */
		DE47F230147B745800C62AF6 /* QuartzCore.framework in Frameworks */ = {isa = PBXBuildFile; fileRef = DE47F22F147B745800C62AF6 /* QuartzCore.framework */; };
		DE47F232147B745800C62AF6 /* OpenGLES.framework in Frameworks */ = {isa = PBXBuildFile; fileRef = DE47F231147B745800C62AF6 /* OpenGLES.framework */; };
		DE47F234147B745800C62AF6 /* OpenAL.framework in Frameworks */ = {isa = PBXBuildFile; fileRef = DE47F233147B745800C62AF6 /* OpenAL.framework */; };
		DE47F236147B745800C62AF6 /* AudioToolbox.framework in Frameworks */ = {isa = PBXBuildFile; fileRef = DE47F235147B745800C62AF6 /* AudioToolbox.framework */; };
		DE47F238147B745800C62AF6 /* AVFoundation.framework in Frameworks */ = {isa = PBXBuildFile; fileRef = DE47F237147B745800C62AF6 /* AVFoundation.framework */; };
		DE47F23A147B745800C62AF6 /* UIKit.framework in Frameworks */ = {isa = PBXBuildFile; fileRef = DE47F239147B745800C62AF6 /* UIKit.framework */; };
		DE47F23C147B745800C62AF6 /* Foundation.framework in Frameworks */ = {isa = PBXBuildFile; fileRef = DE47F23B147B745800C62AF6 /* Foundation.framework */; };
		DE47F23E147B745800C62AF6 /* CoreGraphics.framework in Frameworks */ = {isa = PBXBuildFile; fileRef = DE47F23D147B745800C62AF6 /* CoreGraphics.framework */; };
		DE47F242147B745800C62AF6 /* Default.png in Resources */ = {isa = PBXBuildFile; fileRef = DE47F241147B745800C62AF6 /* Default.png */; };
		DE47F244147B745800C62AF6 /* fps_images.png in Resources */ = {isa = PBXBuildFile; fileRef = DE47F243147B745800C62AF6 /* fps_images.png */; };
		DE47F246147B745800C62AF6 /* Icon-72.png in Resources */ = {isa = PBXBuildFile; fileRef = DE47F245147B745800C62AF6 /* Icon-72.png */; };
		DE47F248147B745800C62AF6 /* Icon-Small-50.png in Resources */ = {isa = PBXBuildFile; fileRef = DE47F247147B745800C62AF6 /* Icon-Small-50.png */; };
		DE47F24A147B745800C62AF6 /* Icon-Small.png in Resources */ = {isa = PBXBuildFile; fileRef = DE47F249147B745800C62AF6 /* Icon-Small.png */; };
		DE47F24C147B745800C62AF6 /* Icon-Small@2x.png in Resources */ = {isa = PBXBuildFile; fileRef = DE47F24B147B745800C62AF6 /* Icon-Small@2x.png */; };
		DE47F24E147B745800C62AF6 /* Icon.png in Resources */ = {isa = PBXBuildFile; fileRef = DE47F24D147B745800C62AF6 /* Icon.png */; };
		DE47F250147B745800C62AF6 /* Icon@2x.png in Resources */ = {isa = PBXBuildFile; fileRef = DE47F24F147B745800C62AF6 /* Icon@2x.png */; };
		DE47F253147B745900C62AF6 /* iTunesArtwork in Resources */ = {isa = PBXBuildFile; fileRef = DE47F252147B745900C62AF6 /* iTunesArtwork */; };
		DE47F258147B745900C62AF6 /* CCAction.m in Sources */ = {isa = PBXBuildFile; fileRef = DE47F257147B745900C62AF6 /* CCAction.m */; };
		DE47F25B147B745900C62AF6 /* CCActionCamera.m in Sources */ = {isa = PBXBuildFile; fileRef = DE47F25A147B745900C62AF6 /* CCActionCamera.m */; };
		DE47F25E147B745900C62AF6 /* CCActionEase.m in Sources */ = {isa = PBXBuildFile; fileRef = DE47F25D147B745900C62AF6 /* CCActionEase.m */; };
		DE47F261147B745900C62AF6 /* CCActionGrid.m in Sources */ = {isa = PBXBuildFile; fileRef = DE47F260147B745900C62AF6 /* CCActionGrid.m */; };
		DE47F264147B745900C62AF6 /* CCActionGrid3D.m in Sources */ = {isa = PBXBuildFile; fileRef = DE47F263147B745900C62AF6 /* CCActionGrid3D.m */; };
		DE47F267147B745900C62AF6 /* CCActionInstant.m in Sources */ = {isa = PBXBuildFile; fileRef = DE47F266147B745900C62AF6 /* CCActionInstant.m */; };
		DE47F26A147B745900C62AF6 /* CCActionInterval.m in Sources */ = {isa = PBXBuildFile; fileRef = DE47F269147B745900C62AF6 /* CCActionInterval.m */; };
		DE47F26D147B745900C62AF6 /* CCActionManager.m in Sources */ = {isa = PBXBuildFile; fileRef = DE47F26C147B745900C62AF6 /* CCActionManager.m */; };
		DE47F270147B745900C62AF6 /* CCActionPageTurn3D.m in Sources */ = {isa = PBXBuildFile; fileRef = DE47F26F147B745900C62AF6 /* CCActionPageTurn3D.m */; };
		DE47F273147B745900C62AF6 /* CCActionProgressTimer.m in Sources */ = {isa = PBXBuildFile; fileRef = DE47F272147B745900C62AF6 /* CCActionProgressTimer.m */; };
		DE47F276147B745900C62AF6 /* CCActionTiledGrid.m in Sources */ = {isa = PBXBuildFile; fileRef = DE47F275147B745900C62AF6 /* CCActionTiledGrid.m */; };
		DE47F279147B745900C62AF6 /* CCActionTween.m in Sources */ = {isa = PBXBuildFile; fileRef = DE47F278147B745900C62AF6 /* CCActionTween.m */; };
		DE47F27C147B745900C62AF6 /* CCAnimation.m in Sources */ = {isa = PBXBuildFile; fileRef = DE47F27B147B745900C62AF6 /* CCAnimation.m */; };
		DE47F27F147B745900C62AF6 /* CCAnimationCache.m in Sources */ = {isa = PBXBuildFile; fileRef = DE47F27E147B745900C62AF6 /* CCAnimationCache.m */; };
		DE47F282147B745900C62AF6 /* CCAtlasNode.m in Sources */ = {isa = PBXBuildFile; fileRef = DE47F281147B745900C62AF6 /* CCAtlasNode.m */; };
		DE47F285147B745900C62AF6 /* CCBlockSupport.m in Sources */ = {isa = PBXBuildFile; fileRef = DE47F284147B745900C62AF6 /* CCBlockSupport.m */; };
		DE47F288147B745900C62AF6 /* CCCamera.m in Sources */ = {isa = PBXBuildFile; fileRef = DE47F287147B745900C62AF6 /* CCCamera.m */; };
		DE47F28C147B745900C62AF6 /* CCConfiguration.m in Sources */ = {isa = PBXBuildFile; fileRef = DE47F28B147B745900C62AF6 /* CCConfiguration.m */; };
		DE47F28F147B745900C62AF6 /* CCDirector.m in Sources */ = {isa = PBXBuildFile; fileRef = DE47F28E147B745900C62AF6 /* CCDirector.m */; };
		DE47F292147B745900C62AF6 /* CCDrawingPrimitives.m in Sources */ = {isa = PBXBuildFile; fileRef = DE47F291147B745900C62AF6 /* CCDrawingPrimitives.m */; };
		DE47F295147B745900C62AF6 /* CCGrabber.m in Sources */ = {isa = PBXBuildFile; fileRef = DE47F294147B745900C62AF6 /* CCGrabber.m */; };
		DE47F298147B745900C62AF6 /* CCGrid.m in Sources */ = {isa = PBXBuildFile; fileRef = DE47F297147B745900C62AF6 /* CCGrid.m */; };
		DE47F29B147B745900C62AF6 /* CCLabelAtlas.m in Sources */ = {isa = PBXBuildFile; fileRef = DE47F29A147B745900C62AF6 /* CCLabelAtlas.m */; };
		DE47F29E147B745900C62AF6 /* CCLabelBMFont.m in Sources */ = {isa = PBXBuildFile; fileRef = DE47F29D147B745900C62AF6 /* CCLabelBMFont.m */; };
		DE47F2A1147B745900C62AF6 /* CCLabelTTF.m in Sources */ = {isa = PBXBuildFile; fileRef = DE47F2A0147B745900C62AF6 /* CCLabelTTF.m */; };
		DE47F2A4147B745900C62AF6 /* CCLayer.m in Sources */ = {isa = PBXBuildFile; fileRef = DE47F2A3147B745900C62AF6 /* CCLayer.m */; };
		DE47F2A8147B745900C62AF6 /* CCMenu.m in Sources */ = {isa = PBXBuildFile; fileRef = DE47F2A7147B745900C62AF6 /* CCMenu.m */; };
		DE47F2AB147B745900C62AF6 /* CCMenuItem.m in Sources */ = {isa = PBXBuildFile; fileRef = DE47F2AA147B745900C62AF6 /* CCMenuItem.m */; };
		DE47F2AE147B745900C62AF6 /* CCMotionStreak.m in Sources */ = {isa = PBXBuildFile; fileRef = DE47F2AD147B745900C62AF6 /* CCMotionStreak.m */; };
		DE47F2B1147B745A00C62AF6 /* CCNode.m in Sources */ = {isa = PBXBuildFile; fileRef = DE47F2B0147B745A00C62AF6 /* CCNode.m */; };
		DE47F2B4147B745A00C62AF6 /* CCParallaxNode.m in Sources */ = {isa = PBXBuildFile; fileRef = DE47F2B3147B745A00C62AF6 /* CCParallaxNode.m */; };
		DE47F2B7147B745A00C62AF6 /* CCParticleBatchNode.m in Sources */ = {isa = PBXBuildFile; fileRef = DE47F2B6147B745A00C62AF6 /* CCParticleBatchNode.m */; };
		DE47F2BA147B745A00C62AF6 /* CCParticleExamples.m in Sources */ = {isa = PBXBuildFile; fileRef = DE47F2B9147B745A00C62AF6 /* CCParticleExamples.m */; };
		DE47F2BD147B745A00C62AF6 /* CCParticleSystem.m in Sources */ = {isa = PBXBuildFile; fileRef = DE47F2BC147B745A00C62AF6 /* CCParticleSystem.m */; };
		DE47F2C0147B745A00C62AF6 /* CCParticleSystemPoint.m in Sources */ = {isa = PBXBuildFile; fileRef = DE47F2BF147B745A00C62AF6 /* CCParticleSystemPoint.m */; };
		DE47F2C3147B745A00C62AF6 /* CCParticleSystemQuad.m in Sources */ = {isa = PBXBuildFile; fileRef = DE47F2C2147B745A00C62AF6 /* CCParticleSystemQuad.m */; };
		DE47F2C6147B745A00C62AF6 /* CCProgressTimer.m in Sources */ = {isa = PBXBuildFile; fileRef = DE47F2C5147B745A00C62AF6 /* CCProgressTimer.m */; };
		DE47F2CA147B745A00C62AF6 /* CCRenderTexture.m in Sources */ = {isa = PBXBuildFile; fileRef = DE47F2C9147B745A00C62AF6 /* CCRenderTexture.m */; };
		DE47F2CD147B745A00C62AF6 /* CCRibbon.m in Sources */ = {isa = PBXBuildFile; fileRef = DE47F2CC147B745A00C62AF6 /* CCRibbon.m */; };
		DE47F2D0147B745A00C62AF6 /* CCScene.m in Sources */ = {isa = PBXBuildFile; fileRef = DE47F2CF147B745A00C62AF6 /* CCScene.m */; };
		DE47F2D3147B745A00C62AF6 /* CCScheduler.m in Sources */ = {isa = PBXBuildFile; fileRef = DE47F2D2147B745A00C62AF6 /* CCScheduler.m */; };
		DE47F2D6147B745A00C62AF6 /* CCSprite.m in Sources */ = {isa = PBXBuildFile; fileRef = DE47F2D5147B745A00C62AF6 /* CCSprite.m */; };
		DE47F2D9147B745A00C62AF6 /* CCSpriteBatchNode.m in Sources */ = {isa = PBXBuildFile; fileRef = DE47F2D8147B745A00C62AF6 /* CCSpriteBatchNode.m */; };
		DE47F2DC147B745A00C62AF6 /* CCSpriteFrame.m in Sources */ = {isa = PBXBuildFile; fileRef = DE47F2DB147B745A00C62AF6 /* CCSpriteFrame.m */; };
		DE47F2DF147B745A00C62AF6 /* CCSpriteFrameCache.m in Sources */ = {isa = PBXBuildFile; fileRef = DE47F2DE147B745A00C62AF6 /* CCSpriteFrameCache.m */; };
		DE47F2E2147B745A00C62AF6 /* CCTexture2D.m in Sources */ = {isa = PBXBuildFile; fileRef = DE47F2E1147B745A00C62AF6 /* CCTexture2D.m */; };
		DE47F2E5147B745A00C62AF6 /* CCTextureAtlas.m in Sources */ = {isa = PBXBuildFile; fileRef = DE47F2E4147B745A00C62AF6 /* CCTextureAtlas.m */; };
		DE47F2E8147B745A00C62AF6 /* CCTextureCache.m in Sources */ = {isa = PBXBuildFile; fileRef = DE47F2E7147B745A00C62AF6 /* CCTextureCache.m */; };
		DE47F2EB147B745B00C62AF6 /* CCTexturePVR.m in Sources */ = {isa = PBXBuildFile; fileRef = DE47F2EA147B745B00C62AF6 /* CCTexturePVR.m */; };
		DE47F2EE147B745B00C62AF6 /* CCTileMapAtlas.m in Sources */ = {isa = PBXBuildFile; fileRef = DE47F2ED147B745B00C62AF6 /* CCTileMapAtlas.m */; };
		DE47F2F1147B745B00C62AF6 /* CCTMXLayer.m in Sources */ = {isa = PBXBuildFile; fileRef = DE47F2F0147B745B00C62AF6 /* CCTMXLayer.m */; };
		DE47F2F4147B745B00C62AF6 /* CCTMXObjectGroup.m in Sources */ = {isa = PBXBuildFile; fileRef = DE47F2F3147B745B00C62AF6 /* CCTMXObjectGroup.m */; };
		DE47F2F7147B745B00C62AF6 /* CCTMXTiledMap.m in Sources */ = {isa = PBXBuildFile; fileRef = DE47F2F6147B745B00C62AF6 /* CCTMXTiledMap.m */; };
		DE47F2FA147B745B00C62AF6 /* CCTMXXMLParser.m in Sources */ = {isa = PBXBuildFile; fileRef = DE47F2F9147B745B00C62AF6 /* CCTMXXMLParser.m */; };
		DE47F2FD147B745B00C62AF6 /* CCTransition.m in Sources */ = {isa = PBXBuildFile; fileRef = DE47F2FC147B745B00C62AF6 /* CCTransition.m */; };
		DE47F300147B745B00C62AF6 /* CCTransitionPageTurn.m in Sources */ = {isa = PBXBuildFile; fileRef = DE47F2FF147B745B00C62AF6 /* CCTransitionPageTurn.m */; };
		DE47F303147B745B00C62AF6 /* CCTransitionRadial.m in Sources */ = {isa = PBXBuildFile; fileRef = DE47F302147B745B00C62AF6 /* CCTransitionRadial.m */; };
		DE47F307147B745B00C62AF6 /* cocos2d.m in Sources */ = {isa = PBXBuildFile; fileRef = DE47F306147B745B00C62AF6 /* cocos2d.m */; };
		DE47F30E147B745B00C62AF6 /* CCDirectorIOS.m in Sources */ = {isa = PBXBuildFile; fileRef = DE47F30D147B745B00C62AF6 /* CCDirectorIOS.m */; };
		DE47F312147B745B00C62AF6 /* CCTouchDispatcher.m in Sources */ = {isa = PBXBuildFile; fileRef = DE47F311147B745B00C62AF6 /* CCTouchDispatcher.m */; };
		DE47F315147B745B00C62AF6 /* CCTouchHandler.m in Sources */ = {isa = PBXBuildFile; fileRef = DE47F314147B745B00C62AF6 /* CCTouchHandler.m */; };
		DE47F318147B745B00C62AF6 /* EAGLView.m in Sources */ = {isa = PBXBuildFile; fileRef = DE47F317147B745B00C62AF6 /* EAGLView.m */; };
		DE47F31B147B745B00C62AF6 /* ES1Renderer.m in Sources */ = {isa = PBXBuildFile; fileRef = DE47F31A147B745B00C62AF6 /* ES1Renderer.m */; };
		DE47F31E147B745B00C62AF6 /* glu.c in Sources */ = {isa = PBXBuildFile; fileRef = DE47F31D147B745B00C62AF6 /* glu.c */; };
		DE47F323147B745B00C62AF6 /* CCDirectorMac.m in Sources */ = {isa = PBXBuildFile; fileRef = DE47F322147B745B00C62AF6 /* CCDirectorMac.m */; };
		DE47F326147B745B00C62AF6 /* CCEventDispatcher.m in Sources */ = {isa = PBXBuildFile; fileRef = DE47F325147B745B00C62AF6 /* CCEventDispatcher.m */; };
		DE47F329147B745B00C62AF6 /* MacGLView.m in Sources */ = {isa = PBXBuildFile; fileRef = DE47F328147B745B00C62AF6 /* MacGLView.m */; };
		DE47F32C147B745B00C62AF6 /* MacWindow.m in Sources */ = {isa = PBXBuildFile; fileRef = DE47F32B147B745B00C62AF6 /* MacWindow.m */; };
		DE47F32F147B745B00C62AF6 /* base64.c in Sources */ = {isa = PBXBuildFile; fileRef = DE47F32E147B745B00C62AF6 /* base64.c */; };
		DE47F333147B745B00C62AF6 /* CCArray.m in Sources */ = {isa = PBXBuildFile; fileRef = DE47F332147B745B00C62AF6 /* CCArray.m */; };
		DE47F337147B745B00C62AF6 /* CCFileUtils.m in Sources */ = {isa = PBXBuildFile; fileRef = DE47F336147B745B00C62AF6 /* CCFileUtils.m */; };
		DE47F33A147B745B00C62AF6 /* CCProfiling.m in Sources */ = {isa = PBXBuildFile; fileRef = DE47F339147B745B00C62AF6 /* CCProfiling.m */; };
		DE47F33C147B745B00C62AF6 /* ccUtils.c in Sources */ = {isa = PBXBuildFile; fileRef = DE47F33B147B745B00C62AF6 /* ccUtils.c */; };
		DE47F340147B745B00C62AF6 /* CGPointExtension.m in Sources */ = {isa = PBXBuildFile; fileRef = DE47F33F147B745B00C62AF6 /* CGPointExtension.m */; };
		DE47F344147B745B00C62AF6 /* TGAlib.m in Sources */ = {isa = PBXBuildFile; fileRef = DE47F343147B745B00C62AF6 /* TGAlib.m */; };
		DE47F347147B745C00C62AF6 /* TransformUtils.m in Sources */ = {isa = PBXBuildFile; fileRef = DE47F346147B745C00C62AF6 /* TransformUtils.m */; };
		DE47F34C147B745C00C62AF6 /* ZipUtils.m in Sources */ = {isa = PBXBuildFile; fileRef = DE47F34B147B745C00C62AF6 /* ZipUtils.m */; };
		DE47F351147B745C00C62AF6 /* CDAudioManager.m in Sources */ = {isa = PBXBuildFile; fileRef = DE47F350147B745C00C62AF6 /* CDAudioManager.m */; };
		DE47F355147B745C00C62AF6 /* CDOpenALSupport.m in Sources */ = {isa = PBXBuildFile; fileRef = DE47F354147B745C00C62AF6 /* CDOpenALSupport.m */; };
		DE47F358147B745C00C62AF6 /* CocosDenshion.m in Sources */ = {isa = PBXBuildFile; fileRef = DE47F357147B745C00C62AF6 /* CocosDenshion.m */; };
		DE47F35B147B745C00C62AF6 /* SimpleAudioEngine.m in Sources */ = {isa = PBXBuildFile; fileRef = DE47F35A147B745C00C62AF6 /* SimpleAudioEngine.m */; };
		DE47F360147B745C00C62AF6 /* CLScoreServerPost.m in Sources */ = {isa = PBXBuildFile; fileRef = DE47F35F147B745C00C62AF6 /* CLScoreServerPost.m */; };
		DE47F363147B745C00C62AF6 /* CLScoreServerRequest.m in Sources */ = {isa = PBXBuildFile; fileRef = DE47F362147B745C00C62AF6 /* CLScoreServerRequest.m */; };
		DE47F366147B745C00C62AF6 /* cocoslive.m in Sources */ = {isa = PBXBuildFile; fileRef = DE47F365147B745C00C62AF6 /* cocoslive.m */; };
		DE47F36B147B745C00C62AF6 /* CDataScanner.m in Sources */ = {isa = PBXBuildFile; fileRef = DE47F36A147B745C00C62AF6 /* CDataScanner.m */; };
		DE47F36F147B745C00C62AF6 /* CDataScanner_Extensions.m in Sources */ = {isa = PBXBuildFile; fileRef = DE47F36E147B745C00C62AF6 /* CDataScanner_Extensions.m */; };
		DE47F372147B745C00C62AF6 /* NSDictionary_JSONExtensions.m in Sources */ = {isa = PBXBuildFile; fileRef = DE47F371147B745C00C62AF6 /* NSDictionary_JSONExtensions.m */; };
		DE47F376147B745C00C62AF6 /* CJSONDeserializer.m in Sources */ = {isa = PBXBuildFile; fileRef = DE47F375147B745C00C62AF6 /* CJSONDeserializer.m */; };
		DE47F379147B745C00C62AF6 /* CJSONScanner.m in Sources */ = {isa = PBXBuildFile; fileRef = DE47F378147B745C00C62AF6 /* CJSONScanner.m */; };
		DE47F37C147B745C00C62AF6 /* CJSONSerializer.m in Sources */ = {isa = PBXBuildFile; fileRef = DE47F37B147B745C00C62AF6 /* CJSONSerializer.m */; };
		DE47F381147B745C00C62AF6 /* FontLabel.m in Sources */ = {isa = PBXBuildFile; fileRef = DE47F380147B745C00C62AF6 /* FontLabel.m */; };
		DE47F384147B745D00C62AF6 /* FontLabelStringDrawing.m in Sources */ = {isa = PBXBuildFile; fileRef = DE47F383147B745D00C62AF6 /* FontLabelStringDrawing.m */; };
		DE47F387147B745D00C62AF6 /* FontManager.m in Sources */ = {isa = PBXBuildFile; fileRef = DE47F386147B745D00C62AF6 /* FontManager.m */; };
		DE47F38A147B745D00C62AF6 /* ZAttributedString.m in Sources */ = {isa = PBXBuildFile; fileRef = DE47F389147B745D00C62AF6 /* ZAttributedString.m */; };
		DE47F38E147B745D00C62AF6 /* ZFont.m in Sources */ = {isa = PBXBuildFile; fileRef = DE47F38D147B745D00C62AF6 /* ZFont.m */; };
		DE47F393147B745D00C62AF6 /* main.m in Sources */ = {isa = PBXBuildFile; fileRef = DE47F392147B745D00C62AF6 /* main.m */; };
		DE47F396147B745D00C62AF6 /* AppDelegate.m in Sources */ = {isa = PBXBuildFile; fileRef = DE47F395147B745D00C62AF6 /* AppDelegate.m */; };
		DE47F399147B745D00C62AF6 /* RootViewController.m in Sources */ = {isa = PBXBuildFile; fileRef = DE47F398147B745D00C62AF6 /* RootViewController.m */; };
		DE47F39C147B745D00C62AF6 /* HelloWorldLayer.m in Sources */ = {isa = PBXBuildFile; fileRef = DE47F39B147B745D00C62AF6 /* HelloWorldLayer.m */; };
		DE53718714804F4000D11807 /* seeker.png in Resources */ = {isa = PBXBuildFile; fileRef = DE53718614804F4000D11807 /* seeker.png */; };
/* End PBXBuildFile section */

/* Begin PBXFileReference section */
		DE47F22B147B745800C62AF6 /* Lesson1.app */ = {isa = PBXFileReference; explicitFileType = wrapper.application; includeInIndex = 0; path = Lesson1.app; sourceTree = BUILT_PRODUCTS_DIR; };
		DE47F22F147B745800C62AF6 /* QuartzCore.framework */ = {isa = PBXFileReference; lastKnownFileType = wrapper.framework; name = QuartzCore.framework; path = System/Library/Frameworks/QuartzCore.framework; sourceTree = SDKROOT; };
		DE47F231147B745800C62AF6 /* OpenGLES.framework */ = {isa = PBXFileReference; lastKnownFileType = wrapper.framework; name = OpenGLES.framework; path = System/Library/Frameworks/OpenGLES.framework; sourceTree = SDKROOT; };
		DE47F233147B745800C62AF6 /* OpenAL.framework */ = {isa = PBXFileReference; lastKnownFileType = wrapper.framework; name = OpenAL.framework; path = System/Library/Frameworks/OpenAL.framework; sourceTree = SDKROOT; };
		DE47F235147B745800C62AF6 /* AudioToolbox.framework */ = {isa = PBXFileReference; lastKnownFileType = wrapper.framework; name = AudioToolbox.framework; path = System/Library/Frameworks/AudioToolbox.framework; sourceTree = SDKROOT; };
		DE47F237147B745800C62AF6 /* AVFoundation.framework */ = {isa = PBXFileReference; lastKnownFileType = wrapper.framework; name = AVFoundation.framework; path = System/Library/Frameworks/AVFoundation.framework; sourceTree = SDKROOT; };
		DE47F239147B745800C62AF6 /* UIKit.framework */ = {isa = PBXFileReference; lastKnownFileType = wrapper.framework; name = UIKit.framework; path = System/Library/Frameworks/UIKit.framework; sourceTree = SDKROOT; };
		DE47F23B147B745800C62AF6 /* Foundation.framework */ = {isa = PBXFileReference; lastKnownFileType = wrapper.framework; name = Foundation.framework; path = System/Library/Frameworks/Foundation.framework; sourceTree = SDKROOT; };
		DE47F23D147B745800C62AF6 /* CoreGraphics.framework */ = {isa = PBXFileReference; lastKnownFileType = wrapper.framework; name = CoreGraphics.framework; path = System/Library/Frameworks/CoreGraphics.framework; sourceTree = SDKROOT; };
		DE47F241147B745800C62AF6 /* Default.png */ = {isa = PBXFileReference; lastKnownFileType = image.png; name = Default.png; path = Resources/Default.png; sourceTree = "<group>"; };
		DE47F243147B745800C62AF6 /* fps_images.png */ = {isa = PBXFileReference; lastKnownFileType = image.png; name = fps_images.png; path = Resources/fps_images.png; sourceTree = "<group>"; };
		DE47F245147B745800C62AF6 /* Icon-72.png */ = {isa = PBXFileReference; lastKnownFileType = image.png; name = "Icon-72.png"; path = "Resources/Icon-72.png"; sourceTree = "<group>"; };
		DE47F247147B745800C62AF6 /* Icon-Small-50.png */ = {isa = PBXFileReference; lastKnownFileType = image.png; name = "Icon-Small-50.png"; path = "Resources/Icon-Small-50.png"; sourceTree = "<group>"; };
		DE47F249147B745800C62AF6 /* Icon-Small.png */ = {isa = PBXFileReference; lastKnownFileType = image.png; name = "Icon-Small.png"; path = "Resources/Icon-Small.png"; sourceTree = "<group>"; };
		DE47F24B147B745800C62AF6 /* Icon-Small@2x.png */ = {isa = PBXFileReference; lastKnownFileType = image.png; name = "Icon-Small@2x.png"; path = "Resources/Icon-Small@2x.png"; sourceTree = "<group>"; };
		DE47F24D147B745800C62AF6 /* Icon.png */ = {isa = PBXFileReference; lastKnownFileType = image.png; name = Icon.png; path = Resources/Icon.png; sourceTree = "<group>"; };
		DE47F24F147B745800C62AF6 /* Icon@2x.png */ = {isa = PBXFileReference; lastKnownFileType = image.png; name = "Icon@2x.png"; path = "Resources/Icon@2x.png"; sourceTree = "<group>"; };
		DE47F251147B745800C62AF6 /* Info.plist */ = {isa = PBXFileReference; lastKnownFileType = text.plist.xml; name = Info.plist; path = Resources/Info.plist; sourceTree = "<group>"; };
		DE47F252147B745900C62AF6 /* iTunesArtwork */ = {isa = PBXFileReference; lastKnownFileType = file; name = iTunesArtwork; path = Resources/iTunesArtwork; sourceTree = "<group>"; };
		DE47F256147B745900C62AF6 /* CCAction.h */ = {isa = PBXFileReference; lastKnownFileType = sourcecode.c.h; name = CCAction.h; path = libs/cocos2d/CCAction.h; sourceTree = "<group>"; };
		DE47F257147B745900C62AF6 /* CCAction.m */ = {isa = PBXFileReference; lastKnownFileType = sourcecode.c.objc; name = CCAction.m; path = libs/cocos2d/CCAction.m; sourceTree = "<group>"; };
		DE47F259147B745900C62AF6 /* CCActionCamera.h */ = {isa = PBXFileReference; lastKnownFileType = sourcecode.c.h; name = CCActionCamera.h; path = libs/cocos2d/CCActionCamera.h; sourceTree = "<group>"; };
		DE47F25A147B745900C62AF6 /* CCActionCamera.m */ = {isa = PBXFileReference; lastKnownFileType = sourcecode.c.objc; name = CCActionCamera.m; path = libs/cocos2d/CCActionCamera.m; sourceTree = "<group>"; };
		DE47F25C147B745900C62AF6 /* CCActionEase.h */ = {isa = PBXFileReference; lastKnownFileType = sourcecode.c.h; name = CCActionEase.h; path = libs/cocos2d/CCActionEase.h; sourceTree = "<group>"; };
		DE47F25D147B745900C62AF6 /* CCActionEase.m */ = {isa = PBXFileReference; lastKnownFileType = sourcecode.c.objc; name = CCActionEase.m; path = libs/cocos2d/CCActionEase.m; sourceTree = "<group>"; };
		DE47F25F147B745900C62AF6 /* CCActionGrid.h */ = {isa = PBXFileReference; lastKnownFileType = sourcecode.c.h; name = CCActionGrid.h; path = libs/cocos2d/CCActionGrid.h; sourceTree = "<group>"; };
		DE47F260147B745900C62AF6 /* CCActionGrid.m */ = {isa = PBXFileReference; lastKnownFileType = sourcecode.c.objc; name = CCActionGrid.m; path = libs/cocos2d/CCActionGrid.m; sourceTree = "<group>"; };
		DE47F262147B745900C62AF6 /* CCActionGrid3D.h */ = {isa = PBXFileReference; lastKnownFileType = sourcecode.c.h; name = CCActionGrid3D.h; path = libs/cocos2d/CCActionGrid3D.h; sourceTree = "<group>"; };
		DE47F263147B745900C62AF6 /* CCActionGrid3D.m */ = {isa = PBXFileReference; lastKnownFileType = sourcecode.c.objc; name = CCActionGrid3D.m; path = libs/cocos2d/CCActionGrid3D.m; sourceTree = "<group>"; };
		DE47F265147B745900C62AF6 /* CCActionInstant.h */ = {isa = PBXFileReference; lastKnownFileType = sourcecode.c.h; name = CCActionInstant.h; path = libs/cocos2d/CCActionInstant.h; sourceTree = "<group>"; };
		DE47F266147B745900C62AF6 /* CCActionInstant.m */ = {isa = PBXFileReference; lastKnownFileType = sourcecode.c.objc; name = CCActionInstant.m; path = libs/cocos2d/CCActionInstant.m; sourceTree = "<group>"; };
		DE47F268147B745900C62AF6 /* CCActionInterval.h */ = {isa = PBXFileReference; lastKnownFileType = sourcecode.c.h; name = CCActionInterval.h; path = libs/cocos2d/CCActionInterval.h; sourceTree = "<group>"; };
		DE47F269147B745900C62AF6 /* CCActionInterval.m */ = {isa = PBXFileReference; lastKnownFileType = sourcecode.c.objc; name = CCActionInterval.m; path = libs/cocos2d/CCActionInterval.m; sourceTree = "<group>"; };
		DE47F26B147B745900C62AF6 /* CCActionManager.h */ = {isa = PBXFileReference; lastKnownFileType = sourcecode.c.h; name = CCActionManager.h; path = libs/cocos2d/CCActionManager.h; sourceTree = "<group>"; };
		DE47F26C147B745900C62AF6 /* CCActionManager.m */ = {isa = PBXFileReference; lastKnownFileType = sourcecode.c.objc; name = CCActionManager.m; path = libs/cocos2d/CCActionManager.m; sourceTree = "<group>"; };
		DE47F26E147B745900C62AF6 /* CCActionPageTurn3D.h */ = {isa = PBXFileReference; lastKnownFileType = sourcecode.c.h; name = CCActionPageTurn3D.h; path = libs/cocos2d/CCActionPageTurn3D.h; sourceTree = "<group>"; };
		DE47F26F147B745900C62AF6 /* CCActionPageTurn3D.m */ = {isa = PBXFileReference; lastKnownFileType = sourcecode.c.objc; name = CCActionPageTurn3D.m; path = libs/cocos2d/CCActionPageTurn3D.m; sourceTree = "<group>"; };
		DE47F271147B745900C62AF6 /* CCActionProgressTimer.h */ = {isa = PBXFileReference; lastKnownFileType = sourcecode.c.h; name = CCActionProgressTimer.h; path = libs/cocos2d/CCActionProgressTimer.h; sourceTree = "<group>"; };
		DE47F272147B745900C62AF6 /* CCActionProgressTimer.m */ = {isa = PBXFileReference; lastKnownFileType = sourcecode.c.objc; name = CCActionProgressTimer.m; path = libs/cocos2d/CCActionProgressTimer.m; sourceTree = "<group>"; };
		DE47F274147B745900C62AF6 /* CCActionTiledGrid.h */ = {isa = PBXFileReference; lastKnownFileType = sourcecode.c.h; name = CCActionTiledGrid.h; path = libs/cocos2d/CCActionTiledGrid.h; sourceTree = "<group>"; };
		DE47F275147B745900C62AF6 /* CCActionTiledGrid.m */ = {isa = PBXFileReference; lastKnownFileType = sourcecode.c.objc; name = CCActionTiledGrid.m; path = libs/cocos2d/CCActionTiledGrid.m; sourceTree = "<group>"; };
		DE47F277147B745900C62AF6 /* CCActionTween.h */ = {isa = PBXFileReference; lastKnownFileType = sourcecode.c.h; name = CCActionTween.h; path = libs/cocos2d/CCActionTween.h; sourceTree = "<group>"; };
		DE47F278147B745900C62AF6 /* CCActionTween.m */ = {isa = PBXFileReference; lastKnownFileType = sourcecode.c.objc; name = CCActionTween.m; path = libs/cocos2d/CCActionTween.m; sourceTree = "<group>"; };
		DE47F27A147B745900C62AF6 /* CCAnimation.h */ = {isa = PBXFileReference; lastKnownFileType = sourcecode.c.h; name = CCAnimation.h; path = libs/cocos2d/CCAnimation.h; sourceTree = "<group>"; };
		DE47F27B147B745900C62AF6 /* CCAnimation.m */ = {isa = PBXFileReference; lastKnownFileType = sourcecode.c.objc; name = CCAnimation.m; path = libs/cocos2d/CCAnimation.m; sourceTree = "<group>"; };
		DE47F27D147B745900C62AF6 /* CCAnimationCache.h */ = {isa = PBXFileReference; lastKnownFileType = sourcecode.c.h; name = CCAnimationCache.h; path = libs/cocos2d/CCAnimationCache.h; sourceTree = "<group>"; };
		DE47F27E147B745900C62AF6 /* CCAnimationCache.m */ = {isa = PBXFileReference; lastKnownFileType = sourcecode.c.objc; name = CCAnimationCache.m; path = libs/cocos2d/CCAnimationCache.m; sourceTree = "<group>"; };
		DE47F280147B745900C62AF6 /* CCAtlasNode.h */ = {isa = PBXFileReference; lastKnownFileType = sourcecode.c.h; name = CCAtlasNode.h; path = libs/cocos2d/CCAtlasNode.h; sourceTree = "<group>"; };
		DE47F281147B745900C62AF6 /* CCAtlasNode.m */ = {isa = PBXFileReference; lastKnownFileType = sourcecode.c.objc; name = CCAtlasNode.m; path = libs/cocos2d/CCAtlasNode.m; sourceTree = "<group>"; };
		DE47F283147B745900C62AF6 /* CCBlockSupport.h */ = {isa = PBXFileReference; lastKnownFileType = sourcecode.c.h; name = CCBlockSupport.h; path = libs/cocos2d/CCBlockSupport.h; sourceTree = "<group>"; };
		DE47F284147B745900C62AF6 /* CCBlockSupport.m */ = {isa = PBXFileReference; lastKnownFileType = sourcecode.c.objc; name = CCBlockSupport.m; path = libs/cocos2d/CCBlockSupport.m; sourceTree = "<group>"; };
		DE47F286147B745900C62AF6 /* CCCamera.h */ = {isa = PBXFileReference; lastKnownFileType = sourcecode.c.h; name = CCCamera.h; path = libs/cocos2d/CCCamera.h; sourceTree = "<group>"; };
		DE47F287147B745900C62AF6 /* CCCamera.m */ = {isa = PBXFileReference; lastKnownFileType = sourcecode.c.objc; name = CCCamera.m; path = libs/cocos2d/CCCamera.m; sourceTree = "<group>"; };
		DE47F289147B745900C62AF6 /* ccConfig.h */ = {isa = PBXFileReference; lastKnownFileType = sourcecode.c.h; name = ccConfig.h; path = libs/cocos2d/ccConfig.h; sourceTree = "<group>"; };
		DE47F28A147B745900C62AF6 /* CCConfiguration.h */ = {isa = PBXFileReference; lastKnownFileType = sourcecode.c.h; name = CCConfiguration.h; path = libs/cocos2d/CCConfiguration.h; sourceTree = "<group>"; };
		DE47F28B147B745900C62AF6 /* CCConfiguration.m */ = {isa = PBXFileReference; lastKnownFileType = sourcecode.c.objc; name = CCConfiguration.m; path = libs/cocos2d/CCConfiguration.m; sourceTree = "<group>"; };
		DE47F28D147B745900C62AF6 /* CCDirector.h */ = {isa = PBXFileReference; lastKnownFileType = sourcecode.c.h; name = CCDirector.h; path = libs/cocos2d/CCDirector.h; sourceTree = "<group>"; };
		DE47F28E147B745900C62AF6 /* CCDirector.m */ = {isa = PBXFileReference; lastKnownFileType = sourcecode.c.objc; name = CCDirector.m; path = libs/cocos2d/CCDirector.m; sourceTree = "<group>"; };
		DE47F290147B745900C62AF6 /* CCDrawingPrimitives.h */ = {isa = PBXFileReference; lastKnownFileType = sourcecode.c.h; name = CCDrawingPrimitives.h; path = libs/cocos2d/CCDrawingPrimitives.h; sourceTree = "<group>"; };
		DE47F291147B745900C62AF6 /* CCDrawingPrimitives.m */ = {isa = PBXFileReference; lastKnownFileType = sourcecode.c.objc; name = CCDrawingPrimitives.m; path = libs/cocos2d/CCDrawingPrimitives.m; sourceTree = "<group>"; };
		DE47F293147B745900C62AF6 /* CCGrabber.h */ = {isa = PBXFileReference; lastKnownFileType = sourcecode.c.h; name = CCGrabber.h; path = libs/cocos2d/CCGrabber.h; sourceTree = "<group>"; };
		DE47F294147B745900C62AF6 /* CCGrabber.m */ = {isa = PBXFileReference; lastKnownFileType = sourcecode.c.objc; name = CCGrabber.m; path = libs/cocos2d/CCGrabber.m; sourceTree = "<group>"; };
		DE47F296147B745900C62AF6 /* CCGrid.h */ = {isa = PBXFileReference; lastKnownFileType = sourcecode.c.h; name = CCGrid.h; path = libs/cocos2d/CCGrid.h; sourceTree = "<group>"; };
		DE47F297147B745900C62AF6 /* CCGrid.m */ = {isa = PBXFileReference; lastKnownFileType = sourcecode.c.objc; name = CCGrid.m; path = libs/cocos2d/CCGrid.m; sourceTree = "<group>"; };
		DE47F299147B745900C62AF6 /* CCLabelAtlas.h */ = {isa = PBXFileReference; lastKnownFileType = sourcecode.c.h; name = CCLabelAtlas.h; path = libs/cocos2d/CCLabelAtlas.h; sourceTree = "<group>"; };
		DE47F29A147B745900C62AF6 /* CCLabelAtlas.m */ = {isa = PBXFileReference; lastKnownFileType = sourcecode.c.objc; name = CCLabelAtlas.m; path = libs/cocos2d/CCLabelAtlas.m; sourceTree = "<group>"; };
		DE47F29C147B745900C62AF6 /* CCLabelBMFont.h */ = {isa = PBXFileReference; lastKnownFileType = sourcecode.c.h; name = CCLabelBMFont.h; path = libs/cocos2d/CCLabelBMFont.h; sourceTree = "<group>"; };
		DE47F29D147B745900C62AF6 /* CCLabelBMFont.m */ = {isa = PBXFileReference; lastKnownFileType = sourcecode.c.objc; name = CCLabelBMFont.m; path = libs/cocos2d/CCLabelBMFont.m; sourceTree = "<group>"; };
		DE47F29F147B745900C62AF6 /* CCLabelTTF.h */ = {isa = PBXFileReference; lastKnownFileType = sourcecode.c.h; name = CCLabelTTF.h; path = libs/cocos2d/CCLabelTTF.h; sourceTree = "<group>"; };
		DE47F2A0147B745900C62AF6 /* CCLabelTTF.m */ = {isa = PBXFileReference; lastKnownFileType = sourcecode.c.objc; name = CCLabelTTF.m; path = libs/cocos2d/CCLabelTTF.m; sourceTree = "<group>"; };
		DE47F2A2147B745900C62AF6 /* CCLayer.h */ = {isa = PBXFileReference; lastKnownFileType = sourcecode.c.h; name = CCLayer.h; path = libs/cocos2d/CCLayer.h; sourceTree = "<group>"; };
		DE47F2A3147B745900C62AF6 /* CCLayer.m */ = {isa = PBXFileReference; lastKnownFileType = sourcecode.c.objc; name = CCLayer.m; path = libs/cocos2d/CCLayer.m; sourceTree = "<group>"; };
		DE47F2A5147B745900C62AF6 /* ccMacros.h */ = {isa = PBXFileReference; lastKnownFileType = sourcecode.c.h; name = ccMacros.h; path = libs/cocos2d/ccMacros.h; sourceTree = "<group>"; };
		DE47F2A6147B745900C62AF6 /* CCMenu.h */ = {isa = PBXFileReference; lastKnownFileType = sourcecode.c.h; name = CCMenu.h; path = libs/cocos2d/CCMenu.h; sourceTree = "<group>"; };
		DE47F2A7147B745900C62AF6 /* CCMenu.m */ = {isa = PBXFileReference; lastKnownFileType = sourcecode.c.objc; name = CCMenu.m; path = libs/cocos2d/CCMenu.m; sourceTree = "<group>"; };
		DE47F2A9147B745900C62AF6 /* CCMenuItem.h */ = {isa = PBXFileReference; lastKnownFileType = sourcecode.c.h; name = CCMenuItem.h; path = libs/cocos2d/CCMenuItem.h; sourceTree = "<group>"; };
		DE47F2AA147B745900C62AF6 /* CCMenuItem.m */ = {isa = PBXFileReference; lastKnownFileType = sourcecode.c.objc; name = CCMenuItem.m; path = libs/cocos2d/CCMenuItem.m; sourceTree = "<group>"; };
		DE47F2AC147B745900C62AF6 /* CCMotionStreak.h */ = {isa = PBXFileReference; lastKnownFileType = sourcecode.c.h; name = CCMotionStreak.h; path = libs/cocos2d/CCMotionStreak.h; sourceTree = "<group>"; };
		DE47F2AD147B745900C62AF6 /* CCMotionStreak.m */ = {isa = PBXFileReference; lastKnownFileType = sourcecode.c.objc; name = CCMotionStreak.m; path = libs/cocos2d/CCMotionStreak.m; sourceTree = "<group>"; };
		DE47F2AF147B745A00C62AF6 /* CCNode.h */ = {isa = PBXFileReference; lastKnownFileType = sourcecode.c.h; name = CCNode.h; path = libs/cocos2d/CCNode.h; sourceTree = "<group>"; };
		DE47F2B0147B745A00C62AF6 /* CCNode.m */ = {isa = PBXFileReference; lastKnownFileType = sourcecode.c.objc; name = CCNode.m; path = libs/cocos2d/CCNode.m; sourceTree = "<group>"; };
		DE47F2B2147B745A00C62AF6 /* CCParallaxNode.h */ = {isa = PBXFileReference; lastKnownFileType = sourcecode.c.h; name = CCParallaxNode.h; path = libs/cocos2d/CCParallaxNode.h; sourceTree = "<group>"; };
		DE47F2B3147B745A00C62AF6 /* CCParallaxNode.m */ = {isa = PBXFileReference; lastKnownFileType = sourcecode.c.objc; name = CCParallaxNode.m; path = libs/cocos2d/CCParallaxNode.m; sourceTree = "<group>"; };
		DE47F2B5147B745A00C62AF6 /* CCParticleBatchNode.h */ = {isa = PBXFileReference; lastKnownFileType = sourcecode.c.h; name = CCParticleBatchNode.h; path = libs/cocos2d/CCParticleBatchNode.h; sourceTree = "<group>"; };
		DE47F2B6147B745A00C62AF6 /* CCParticleBatchNode.m */ = {isa = PBXFileReference; lastKnownFileType = sourcecode.c.objc; name = CCParticleBatchNode.m; path = libs/cocos2d/CCParticleBatchNode.m; sourceTree = "<group>"; };
		DE47F2B8147B745A00C62AF6 /* CCParticleExamples.h */ = {isa = PBXFileReference; lastKnownFileType = sourcecode.c.h; name = CCParticleExamples.h; path = libs/cocos2d/CCParticleExamples.h; sourceTree = "<group>"; };
		DE47F2B9147B745A00C62AF6 /* CCParticleExamples.m */ = {isa = PBXFileReference; lastKnownFileType = sourcecode.c.objc; name = CCParticleExamples.m; path = libs/cocos2d/CCParticleExamples.m; sourceTree = "<group>"; };
		DE47F2BB147B745A00C62AF6 /* CCParticleSystem.h */ = {isa = PBXFileReference; lastKnownFileType = sourcecode.c.h; name = CCParticleSystem.h; path = libs/cocos2d/CCParticleSystem.h; sourceTree = "<group>"; };
		DE47F2BC147B745A00C62AF6 /* CCParticleSystem.m */ = {isa = PBXFileReference; lastKnownFileType = sourcecode.c.objc; name = CCParticleSystem.m; path = libs/cocos2d/CCParticleSystem.m; sourceTree = "<group>"; };
		DE47F2BE147B745A00C62AF6 /* CCParticleSystemPoint.h */ = {isa = PBXFileReference; lastKnownFileType = sourcecode.c.h; name = CCParticleSystemPoint.h; path = libs/cocos2d/CCParticleSystemPoint.h; sourceTree = "<group>"; };
		DE47F2BF147B745A00C62AF6 /* CCParticleSystemPoint.m */ = {isa = PBXFileReference; lastKnownFileType = sourcecode.c.objc; name = CCParticleSystemPoint.m; path = libs/cocos2d/CCParticleSystemPoint.m; sourceTree = "<group>"; };
		DE47F2C1147B745A00C62AF6 /* CCParticleSystemQuad.h */ = {isa = PBXFileReference; lastKnownFileType = sourcecode.c.h; name = CCParticleSystemQuad.h; path = libs/cocos2d/CCParticleSystemQuad.h; sourceTree = "<group>"; };
		DE47F2C2147B745A00C62AF6 /* CCParticleSystemQuad.m */ = {isa = PBXFileReference; lastKnownFileType = sourcecode.c.objc; name = CCParticleSystemQuad.m; path = libs/cocos2d/CCParticleSystemQuad.m; sourceTree = "<group>"; };
		DE47F2C4147B745A00C62AF6 /* CCProgressTimer.h */ = {isa = PBXFileReference; lastKnownFileType = sourcecode.c.h; name = CCProgressTimer.h; path = libs/cocos2d/CCProgressTimer.h; sourceTree = "<group>"; };
		DE47F2C5147B745A00C62AF6 /* CCProgressTimer.m */ = {isa = PBXFileReference; lastKnownFileType = sourcecode.c.objc; name = CCProgressTimer.m; path = libs/cocos2d/CCProgressTimer.m; sourceTree = "<group>"; };
		DE47F2C7147B745A00C62AF6 /* CCProtocols.h */ = {isa = PBXFileReference; lastKnownFileType = sourcecode.c.h; name = CCProtocols.h; path = libs/cocos2d/CCProtocols.h; sourceTree = "<group>"; };
		DE47F2C8147B745A00C62AF6 /* CCRenderTexture.h */ = {isa = PBXFileReference; lastKnownFileType = sourcecode.c.h; name = CCRenderTexture.h; path = libs/cocos2d/CCRenderTexture.h; sourceTree = "<group>"; };
		DE47F2C9147B745A00C62AF6 /* CCRenderTexture.m */ = {isa = PBXFileReference; lastKnownFileType = sourcecode.c.objc; name = CCRenderTexture.m; path = libs/cocos2d/CCRenderTexture.m; sourceTree = "<group>"; };
		DE47F2CB147B745A00C62AF6 /* CCRibbon.h */ = {isa = PBXFileReference; lastKnownFileType = sourcecode.c.h; name = CCRibbon.h; path = libs/cocos2d/CCRibbon.h; sourceTree = "<group>"; };
		DE47F2CC147B745A00C62AF6 /* CCRibbon.m */ = {isa = PBXFileReference; lastKnownFileType = sourcecode.c.objc; name = CCRibbon.m; path = libs/cocos2d/CCRibbon.m; sourceTree = "<group>"; };
		DE47F2CE147B745A00C62AF6 /* CCScene.h */ = {isa = PBXFileReference; lastKnownFileType = sourcecode.c.h; name = CCScene.h; path = libs/cocos2d/CCScene.h; sourceTree = "<group>"; };
		DE47F2CF147B745A00C62AF6 /* CCScene.m */ = {isa = PBXFileReference; lastKnownFileType = sourcecode.c.objc; name = CCScene.m; path = libs/cocos2d/CCScene.m; sourceTree = "<group>"; };
		DE47F2D1147B745A00C62AF6 /* CCScheduler.h */ = {isa = PBXFileReference; lastKnownFileType = sourcecode.c.h; name = CCScheduler.h; path = libs/cocos2d/CCScheduler.h; sourceTree = "<group>"; };
		DE47F2D2147B745A00C62AF6 /* CCScheduler.m */ = {isa = PBXFileReference; lastKnownFileType = sourcecode.c.objc; name = CCScheduler.m; path = libs/cocos2d/CCScheduler.m; sourceTree = "<group>"; };
		DE47F2D4147B745A00C62AF6 /* CCSprite.h */ = {isa = PBXFileReference; lastKnownFileType = sourcecode.c.h; name = CCSprite.h; path = libs/cocos2d/CCSprite.h; sourceTree = "<group>"; };
		DE47F2D5147B745A00C62AF6 /* CCSprite.m */ = {isa = PBXFileReference; lastKnownFileType = sourcecode.c.objc; name = CCSprite.m; path = libs/cocos2d/CCSprite.m; sourceTree = "<group>"; };
		DE47F2D7147B745A00C62AF6 /* CCSpriteBatchNode.h */ = {isa = PBXFileReference; lastKnownFileType = sourcecode.c.h; name = CCSpriteBatchNode.h; path = libs/cocos2d/CCSpriteBatchNode.h; sourceTree = "<group>"; };
		DE47F2D8147B745A00C62AF6 /* CCSpriteBatchNode.m */ = {isa = PBXFileReference; lastKnownFileType = sourcecode.c.objc; name = CCSpriteBatchNode.m; path = libs/cocos2d/CCSpriteBatchNode.m; sourceTree = "<group>"; };
		DE47F2DA147B745A00C62AF6 /* CCSpriteFrame.h */ = {isa = PBXFileReference; lastKnownFileType = sourcecode.c.h; name = CCSpriteFrame.h; path = libs/cocos2d/CCSpriteFrame.h; sourceTree = "<group>"; };
		DE47F2DB147B745A00C62AF6 /* CCSpriteFrame.m */ = {isa = PBXFileReference; lastKnownFileType = sourcecode.c.objc; name = CCSpriteFrame.m; path = libs/cocos2d/CCSpriteFrame.m; sourceTree = "<group>"; };
		DE47F2DD147B745A00C62AF6 /* CCSpriteFrameCache.h */ = {isa = PBXFileReference; lastKnownFileType = sourcecode.c.h; name = CCSpriteFrameCache.h; path = libs/cocos2d/CCSpriteFrameCache.h; sourceTree = "<group>"; };
		DE47F2DE147B745A00C62AF6 /* CCSpriteFrameCache.m */ = {isa = PBXFileReference; lastKnownFileType = sourcecode.c.objc; name = CCSpriteFrameCache.m; path = libs/cocos2d/CCSpriteFrameCache.m; sourceTree = "<group>"; };
		DE47F2E0147B745A00C62AF6 /* CCTexture2D.h */ = {isa = PBXFileReference; lastKnownFileType = sourcecode.c.h; name = CCTexture2D.h; path = libs/cocos2d/CCTexture2D.h; sourceTree = "<group>"; };
		DE47F2E1147B745A00C62AF6 /* CCTexture2D.m */ = {isa = PBXFileReference; lastKnownFileType = sourcecode.c.objc; name = CCTexture2D.m; path = libs/cocos2d/CCTexture2D.m; sourceTree = "<group>"; };
		DE47F2E3147B745A00C62AF6 /* CCTextureAtlas.h */ = {isa = PBXFileReference; lastKnownFileType = sourcecode.c.h; name = CCTextureAtlas.h; path = libs/cocos2d/CCTextureAtlas.h; sourceTree = "<group>"; };
		DE47F2E4147B745A00C62AF6 /* CCTextureAtlas.m */ = {isa = PBXFileReference; lastKnownFileType = sourcecode.c.objc; name = CCTextureAtlas.m; path = libs/cocos2d/CCTextureAtlas.m; sourceTree = "<group>"; };
		DE47F2E6147B745A00C62AF6 /* CCTextureCache.h */ = {isa = PBXFileReference; lastKnownFileType = sourcecode.c.h; name = CCTextureCache.h; path = libs/cocos2d/CCTextureCache.h; sourceTree = "<group>"; };
		DE47F2E7147B745A00C62AF6 /* CCTextureCache.m */ = {isa = PBXFileReference; lastKnownFileType = sourcecode.c.objc; name = CCTextureCache.m; path = libs/cocos2d/CCTextureCache.m; sourceTree = "<group>"; };
		DE47F2E9147B745A00C62AF6 /* CCTexturePVR.h */ = {isa = PBXFileReference; lastKnownFileType = sourcecode.c.h; name = CCTexturePVR.h; path = libs/cocos2d/CCTexturePVR.h; sourceTree = "<group>"; };
		DE47F2EA147B745B00C62AF6 /* CCTexturePVR.m */ = {isa = PBXFileReference; lastKnownFileType = sourcecode.c.objc; name = CCTexturePVR.m; path = libs/cocos2d/CCTexturePVR.m; sourceTree = "<group>"; };
		DE47F2EC147B745B00C62AF6 /* CCTileMapAtlas.h */ = {isa = PBXFileReference; lastKnownFileType = sourcecode.c.h; name = CCTileMapAtlas.h; path = libs/cocos2d/CCTileMapAtlas.h; sourceTree = "<group>"; };
		DE47F2ED147B745B00C62AF6 /* CCTileMapAtlas.m */ = {isa = PBXFileReference; lastKnownFileType = sourcecode.c.objc; name = CCTileMapAtlas.m; path = libs/cocos2d/CCTileMapAtlas.m; sourceTree = "<group>"; };
		DE47F2EF147B745B00C62AF6 /* CCTMXLayer.h */ = {isa = PBXFileReference; lastKnownFileType = sourcecode.c.h; name = CCTMXLayer.h; path = libs/cocos2d/CCTMXLayer.h; sourceTree = "<group>"; };
		DE47F2F0147B745B00C62AF6 /* CCTMXLayer.m */ = {isa = PBXFileReference; lastKnownFileType = sourcecode.c.objc; name = CCTMXLayer.m; path = libs/cocos2d/CCTMXLayer.m; sourceTree = "<group>"; };
		DE47F2F2147B745B00C62AF6 /* CCTMXObjectGroup.h */ = {isa = PBXFileReference; lastKnownFileType = sourcecode.c.h; name = CCTMXObjectGroup.h; path = libs/cocos2d/CCTMXObjectGroup.h; sourceTree = "<group>"; };
		DE47F2F3147B745B00C62AF6 /* CCTMXObjectGroup.m */ = {isa = PBXFileReference; lastKnownFileType = sourcecode.c.objc; name = CCTMXObjectGroup.m; path = libs/cocos2d/CCTMXObjectGroup.m; sourceTree = "<group>"; };
		DE47F2F5147B745B00C62AF6 /* CCTMXTiledMap.h */ = {isa = PBXFileReference; lastKnownFileType = sourcecode.c.h; name = CCTMXTiledMap.h; path = libs/cocos2d/CCTMXTiledMap.h; sourceTree = "<group>"; };
		DE47F2F6147B745B00C62AF6 /* CCTMXTiledMap.m */ = {isa = PBXFileReference; lastKnownFileType = sourcecode.c.objc; name = CCTMXTiledMap.m; path = libs/cocos2d/CCTMXTiledMap.m; sourceTree = "<group>"; };
		DE47F2F8147B745B00C62AF6 /* CCTMXXMLParser.h */ = {isa = PBXFileReference; lastKnownFileType = sourcecode.c.h; name = CCTMXXMLParser.h; path = libs/cocos2d/CCTMXXMLParser.h; sourceTree = "<group>"; };
		DE47F2F9147B745B00C62AF6 /* CCTMXXMLParser.m */ = {isa = PBXFileReference; lastKnownFileType = sourcecode.c.objc; name = CCTMXXMLParser.m; path = libs/cocos2d/CCTMXXMLParser.m; sourceTree = "<group>"; };
		DE47F2FB147B745B00C62AF6 /* CCTransition.h */ = {isa = PBXFileReference; lastKnownFileType = sourcecode.c.h; name = CCTransition.h; path = libs/cocos2d/CCTransition.h; sourceTree = "<group>"; };
		DE47F2FC147B745B00C62AF6 /* CCTransition.m */ = {isa = PBXFileReference; lastKnownFileType = sourcecode.c.objc; name = CCTransition.m; path = libs/cocos2d/CCTransition.m; sourceTree = "<group>"; };
		DE47F2FE147B745B00C62AF6 /* CCTransitionPageTurn.h */ = {isa = PBXFileReference; lastKnownFileType = sourcecode.c.h; name = CCTransitionPageTurn.h; path = libs/cocos2d/CCTransitionPageTurn.h; sourceTree = "<group>"; };
		DE47F2FF147B745B00C62AF6 /* CCTransitionPageTurn.m */ = {isa = PBXFileReference; lastKnownFileType = sourcecode.c.objc; name = CCTransitionPageTurn.m; path = libs/cocos2d/CCTransitionPageTurn.m; sourceTree = "<group>"; };
		DE47F301147B745B00C62AF6 /* CCTransitionRadial.h */ = {isa = PBXFileReference; lastKnownFileType = sourcecode.c.h; name = CCTransitionRadial.h; path = libs/cocos2d/CCTransitionRadial.h; sourceTree = "<group>"; };
		DE47F302147B745B00C62AF6 /* CCTransitionRadial.m */ = {isa = PBXFileReference; lastKnownFileType = sourcecode.c.objc; name = CCTransitionRadial.m; path = libs/cocos2d/CCTransitionRadial.m; sourceTree = "<group>"; };
		DE47F304147B745B00C62AF6 /* ccTypes.h */ = {isa = PBXFileReference; lastKnownFileType = sourcecode.c.h; name = ccTypes.h; path = libs/cocos2d/ccTypes.h; sourceTree = "<group>"; };
		DE47F305147B745B00C62AF6 /* cocos2d.h */ = {isa = PBXFileReference; lastKnownFileType = sourcecode.c.h; name = cocos2d.h; path = libs/cocos2d/cocos2d.h; sourceTree = "<group>"; };
		DE47F306147B745B00C62AF6 /* cocos2d.m */ = {isa = PBXFileReference; lastKnownFileType = sourcecode.c.objc; name = cocos2d.m; path = libs/cocos2d/cocos2d.m; sourceTree = "<group>"; };
		DE47F309147B745B00C62AF6 /* CCGL.h */ = {isa = PBXFileReference; lastKnownFileType = sourcecode.c.h; name = CCGL.h; path = libs/cocos2d/Platforms/CCGL.h; sourceTree = "<group>"; };
		DE47F30A147B745B00C62AF6 /* CCNS.h */ = {isa = PBXFileReference; lastKnownFileType = sourcecode.c.h; name = CCNS.h; path = libs/cocos2d/Platforms/CCNS.h; sourceTree = "<group>"; };
		DE47F30C147B745B00C62AF6 /* CCDirectorIOS.h */ = {isa = PBXFileReference; lastKnownFileType = sourcecode.c.h; name = CCDirectorIOS.h; path = libs/cocos2d/Platforms/iOS/CCDirectorIOS.h; sourceTree = "<group>"; };
		DE47F30D147B745B00C62AF6 /* CCDirectorIOS.m */ = {isa = PBXFileReference; lastKnownFileType = sourcecode.c.objc; name = CCDirectorIOS.m; path = libs/cocos2d/Platforms/iOS/CCDirectorIOS.m; sourceTree = "<group>"; };
		DE47F30F147B745B00C62AF6 /* CCTouchDelegateProtocol.h */ = {isa = PBXFileReference; lastKnownFileType = sourcecode.c.h; name = CCTouchDelegateProtocol.h; path = libs/cocos2d/Platforms/iOS/CCTouchDelegateProtocol.h; sourceTree = "<group>"; };
		DE47F310147B745B00C62AF6 /* CCTouchDispatcher.h */ = {isa = PBXFileReference; lastKnownFileType = sourcecode.c.h; name = CCTouchDispatcher.h; path = libs/cocos2d/Platforms/iOS/CCTouchDispatcher.h; sourceTree = "<group>"; };
		DE47F311147B745B00C62AF6 /* CCTouchDispatcher.m */ = {isa = PBXFileReference; lastKnownFileType = sourcecode.c.objc; name = CCTouchDispatcher.m; path = libs/cocos2d/Platforms/iOS/CCTouchDispatcher.m; sourceTree = "<group>"; };
		DE47F313147B745B00C62AF6 /* CCTouchHandler.h */ = {isa = PBXFileReference; lastKnownFileType = sourcecode.c.h; name = CCTouchHandler.h; path = libs/cocos2d/Platforms/iOS/CCTouchHandler.h; sourceTree = "<group>"; };
		DE47F314147B745B00C62AF6 /* CCTouchHandler.m */ = {isa = PBXFileReference; lastKnownFileType = sourcecode.c.objc; name = CCTouchHandler.m; path = libs/cocos2d/Platforms/iOS/CCTouchHandler.m; sourceTree = "<group>"; };
		DE47F316147B745B00C62AF6 /* EAGLView.h */ = {isa = PBXFileReference; lastKnownFileType = sourcecode.c.h; name = EAGLView.h; path = libs/cocos2d/Platforms/iOS/EAGLView.h; sourceTree = "<group>"; };
		DE47F317147B745B00C62AF6 /* EAGLView.m */ = {isa = PBXFileReference; lastKnownFileType = sourcecode.c.objc; name = EAGLView.m; path = libs/cocos2d/Platforms/iOS/EAGLView.m; sourceTree = "<group>"; };
		DE47F319147B745B00C62AF6 /* ES1Renderer.h */ = {isa = PBXFileReference; lastKnownFileType = sourcecode.c.h; name = ES1Renderer.h; path = libs/cocos2d/Platforms/iOS/ES1Renderer.h; sourceTree = "<group>"; };
		DE47F31A147B745B00C62AF6 /* ES1Renderer.m */ = {isa = PBXFileReference; lastKnownFileType = sourcecode.c.objc; name = ES1Renderer.m; path = libs/cocos2d/Platforms/iOS/ES1Renderer.m; sourceTree = "<group>"; };
		DE47F31C147B745B00C62AF6 /* ESRenderer.h */ = {isa = PBXFileReference; lastKnownFileType = sourcecode.c.h; name = ESRenderer.h; path = libs/cocos2d/Platforms/iOS/ESRenderer.h; sourceTree = "<group>"; };
		DE47F31D147B745B00C62AF6 /* glu.c */ = {isa = PBXFileReference; lastKnownFileType = sourcecode.c.c; name = glu.c; path = libs/cocos2d/Platforms/iOS/glu.c; sourceTree = "<group>"; };
		DE47F31F147B745B00C62AF6 /* glu.h */ = {isa = PBXFileReference; lastKnownFileType = sourcecode.c.h; name = glu.h; path = libs/cocos2d/Platforms/iOS/glu.h; sourceTree = "<group>"; };
		DE47F321147B745B00C62AF6 /* CCDirectorMac.h */ = {isa = PBXFileReference; lastKnownFileType = sourcecode.c.h; name = CCDirectorMac.h; path = libs/cocos2d/Platforms/Mac/CCDirectorMac.h; sourceTree = "<group>"; };
		DE47F322147B745B00C62AF6 /* CCDirectorMac.m */ = {isa = PBXFileReference; lastKnownFileType = sourcecode.c.objc; name = CCDirectorMac.m; path = libs/cocos2d/Platforms/Mac/CCDirectorMac.m; sourceTree = "<group>"; };
		DE47F324147B745B00C62AF6 /* CCEventDispatcher.h */ = {isa = PBXFileReference; lastKnownFileType = sourcecode.c.h; name = CCEventDispatcher.h; path = libs/cocos2d/Platforms/Mac/CCEventDispatcher.h; sourceTree = "<group>"; };
		DE47F325147B745B00C62AF6 /* CCEventDispatcher.m */ = {isa = PBXFileReference; lastKnownFileType = sourcecode.c.objc; name = CCEventDispatcher.m; path = libs/cocos2d/Platforms/Mac/CCEventDispatcher.m; sourceTree = "<group>"; };
		DE47F327147B745B00C62AF6 /* MacGLView.h */ = {isa = PBXFileReference; lastKnownFileType = sourcecode.c.h; name = MacGLView.h; path = libs/cocos2d/Platforms/Mac/MacGLView.h; sourceTree = "<group>"; };
		DE47F328147B745B00C62AF6 /* MacGLView.m */ = {isa = PBXFileReference; lastKnownFileType = sourcecode.c.objc; name = MacGLView.m; path = libs/cocos2d/Platforms/Mac/MacGLView.m; sourceTree = "<group>"; };
		DE47F32A147B745B00C62AF6 /* MacWindow.h */ = {isa = PBXFileReference; lastKnownFileType = sourcecode.c.h; name = MacWindow.h; path = libs/cocos2d/Platforms/Mac/MacWindow.h; sourceTree = "<group>"; };
		DE47F32B147B745B00C62AF6 /* MacWindow.m */ = {isa = PBXFileReference; lastKnownFileType = sourcecode.c.objc; name = MacWindow.m; path = libs/cocos2d/Platforms/Mac/MacWindow.m; sourceTree = "<group>"; };
		DE47F32E147B745B00C62AF6 /* base64.c */ = {isa = PBXFileReference; lastKnownFileType = sourcecode.c.c; name = base64.c; path = libs/cocos2d/Support/base64.c; sourceTree = "<group>"; };
		DE47F330147B745B00C62AF6 /* base64.h */ = {isa = PBXFileReference; lastKnownFileType = sourcecode.c.h; name = base64.h; path = libs/cocos2d/Support/base64.h; sourceTree = "<group>"; };
		DE47F331147B745B00C62AF6 /* CCArray.h */ = {isa = PBXFileReference; lastKnownFileType = sourcecode.c.h; name = CCArray.h; path = libs/cocos2d/Support/CCArray.h; sourceTree = "<group>"; };
		DE47F332147B745B00C62AF6 /* CCArray.m */ = {isa = PBXFileReference; lastKnownFileType = sourcecode.c.objc; name = CCArray.m; path = libs/cocos2d/Support/CCArray.m; sourceTree = "<group>"; };
		DE47F334147B745B00C62AF6 /* ccCArray.h */ = {isa = PBXFileReference; lastKnownFileType = sourcecode.c.h; name = ccCArray.h; path = libs/cocos2d/Support/ccCArray.h; sourceTree = "<group>"; };
		DE47F335147B745B00C62AF6 /* CCFileUtils.h */ = {isa = PBXFileReference; lastKnownFileType = sourcecode.c.h; name = CCFileUtils.h; path = libs/cocos2d/Support/CCFileUtils.h; sourceTree = "<group>"; };
		DE47F336147B745B00C62AF6 /* CCFileUtils.m */ = {isa = PBXFileReference; lastKnownFileType = sourcecode.c.objc; name = CCFileUtils.m; path = libs/cocos2d/Support/CCFileUtils.m; sourceTree = "<group>"; };
		DE47F338147B745B00C62AF6 /* CCProfiling.h */ = {isa = PBXFileReference; lastKnownFileType = sourcecode.c.h; name = CCProfiling.h; path = libs/cocos2d/Support/CCProfiling.h; sourceTree = "<group>"; };
		DE47F339147B745B00C62AF6 /* CCProfiling.m */ = {isa = PBXFileReference; lastKnownFileType = sourcecode.c.objc; name = CCProfiling.m; path = libs/cocos2d/Support/CCProfiling.m; sourceTree = "<group>"; };
		DE47F33B147B745B00C62AF6 /* ccUtils.c */ = {isa = PBXFileReference; lastKnownFileType = sourcecode.c.c; name = ccUtils.c; path = libs/cocos2d/Support/ccUtils.c; sourceTree = "<group>"; };
		DE47F33D147B745B00C62AF6 /* ccUtils.h */ = {isa = PBXFileReference; lastKnownFileType = sourcecode.c.h; name = ccUtils.h; path = libs/cocos2d/Support/ccUtils.h; sourceTree = "<group>"; };
		DE47F33E147B745B00C62AF6 /* CGPointExtension.h */ = {isa = PBXFileReference; lastKnownFileType = sourcecode.c.h; name = CGPointExtension.h; path = libs/cocos2d/Support/CGPointExtension.h; sourceTree = "<group>"; };
		DE47F33F147B745B00C62AF6 /* CGPointExtension.m */ = {isa = PBXFileReference; lastKnownFileType = sourcecode.c.objc; name = CGPointExtension.m; path = libs/cocos2d/Support/CGPointExtension.m; sourceTree = "<group>"; };
		DE47F341147B745B00C62AF6 /* OpenGL_Internal.h */ = {isa = PBXFileReference; lastKnownFileType = sourcecode.c.h; name = OpenGL_Internal.h; path = libs/cocos2d/Support/OpenGL_Internal.h; sourceTree = "<group>"; };
		DE47F342147B745B00C62AF6 /* TGAlib.h */ = {isa = PBXFileReference; lastKnownFileType = sourcecode.c.h; name = TGAlib.h; path = libs/cocos2d/Support/TGAlib.h; sourceTree = "<group>"; };
		DE47F343147B745B00C62AF6 /* TGAlib.m */ = {isa = PBXFileReference; lastKnownFileType = sourcecode.c.objc; name = TGAlib.m; path = libs/cocos2d/Support/TGAlib.m; sourceTree = "<group>"; };
		DE47F345147B745C00C62AF6 /* TransformUtils.h */ = {isa = PBXFileReference; lastKnownFileType = sourcecode.c.h; name = TransformUtils.h; path = libs/cocos2d/Support/TransformUtils.h; sourceTree = "<group>"; };
		DE47F346147B745C00C62AF6 /* TransformUtils.m */ = {isa = PBXFileReference; lastKnownFileType = sourcecode.c.objc; name = TransformUtils.m; path = libs/cocos2d/Support/TransformUtils.m; sourceTree = "<group>"; };
		DE47F348147B745C00C62AF6 /* uthash.h */ = {isa = PBXFileReference; lastKnownFileType = sourcecode.c.h; name = uthash.h; path = libs/cocos2d/Support/uthash.h; sourceTree = "<group>"; };
		DE47F349147B745C00C62AF6 /* utlist.h */ = {isa = PBXFileReference; lastKnownFileType = sourcecode.c.h; name = utlist.h; path = libs/cocos2d/Support/utlist.h; sourceTree = "<group>"; };
		DE47F34A147B745C00C62AF6 /* ZipUtils.h */ = {isa = PBXFileReference; lastKnownFileType = sourcecode.c.h; name = ZipUtils.h; path = libs/cocos2d/Support/ZipUtils.h; sourceTree = "<group>"; };
		DE47F34B147B745C00C62AF6 /* ZipUtils.m */ = {isa = PBXFileReference; lastKnownFileType = sourcecode.c.objc; name = ZipUtils.m; path = libs/cocos2d/Support/ZipUtils.m; sourceTree = "<group>"; };
		DE47F34D147B745C00C62AF6 /* LICENSE_cocos2d.txt */ = {isa = PBXFileReference; lastKnownFileType = text; name = LICENSE_cocos2d.txt; path = libs/LICENSE_cocos2d.txt; sourceTree = "<group>"; };
		DE47F34F147B745C00C62AF6 /* CDAudioManager.h */ = {isa = PBXFileReference; lastKnownFileType = sourcecode.c.h; name = CDAudioManager.h; path = libs/CocosDenshion/CDAudioManager.h; sourceTree = "<group>"; };
		DE47F350147B745C00C62AF6 /* CDAudioManager.m */ = {isa = PBXFileReference; lastKnownFileType = sourcecode.c.objc; name = CDAudioManager.m; path = libs/CocosDenshion/CDAudioManager.m; sourceTree = "<group>"; };
		DE47F352147B745C00C62AF6 /* CDConfig.h */ = {isa = PBXFileReference; lastKnownFileType = sourcecode.c.h; name = CDConfig.h; path = libs/CocosDenshion/CDConfig.h; sourceTree = "<group>"; };
		DE47F353147B745C00C62AF6 /* CDOpenALSupport.h */ = {isa = PBXFileReference; lastKnownFileType = sourcecode.c.h; name = CDOpenALSupport.h; path = libs/CocosDenshion/CDOpenALSupport.h; sourceTree = "<group>"; };
		DE47F354147B745C00C62AF6 /* CDOpenALSupport.m */ = {isa = PBXFileReference; lastKnownFileType = sourcecode.c.objc; name = CDOpenALSupport.m; path = libs/CocosDenshion/CDOpenALSupport.m; sourceTree = "<group>"; };
		DE47F356147B745C00C62AF6 /* CocosDenshion.h */ = {isa = PBXFileReference; lastKnownFileType = sourcecode.c.h; name = CocosDenshion.h; path = libs/CocosDenshion/CocosDenshion.h; sourceTree = "<group>"; };
		DE47F357147B745C00C62AF6 /* CocosDenshion.m */ = {isa = PBXFileReference; lastKnownFileType = sourcecode.c.objc; name = CocosDenshion.m; path = libs/CocosDenshion/CocosDenshion.m; sourceTree = "<group>"; };
		DE47F359147B745C00C62AF6 /* SimpleAudioEngine.h */ = {isa = PBXFileReference; lastKnownFileType = sourcecode.c.h; name = SimpleAudioEngine.h; path = libs/CocosDenshion/SimpleAudioEngine.h; sourceTree = "<group>"; };
		DE47F35A147B745C00C62AF6 /* SimpleAudioEngine.m */ = {isa = PBXFileReference; lastKnownFileType = sourcecode.c.objc; name = SimpleAudioEngine.m; path = libs/CocosDenshion/SimpleAudioEngine.m; sourceTree = "<group>"; };
		DE47F35C147B745C00C62AF6 /* LICENSE_CocosDenshion.txt */ = {isa = PBXFileReference; lastKnownFileType = text; name = LICENSE_CocosDenshion.txt; path = libs/LICENSE_CocosDenshion.txt; sourceTree = "<group>"; };
		DE47F35E147B745C00C62AF6 /* CLScoreServerPost.h */ = {isa = PBXFileReference; lastKnownFileType = sourcecode.c.h; name = CLScoreServerPost.h; path = libs/cocoslive/CLScoreServerPost.h; sourceTree = "<group>"; };
		DE47F35F147B745C00C62AF6 /* CLScoreServerPost.m */ = {isa = PBXFileReference; lastKnownFileType = sourcecode.c.objc; name = CLScoreServerPost.m; path = libs/cocoslive/CLScoreServerPost.m; sourceTree = "<group>"; };
		DE47F361147B745C00C62AF6 /* CLScoreServerRequest.h */ = {isa = PBXFileReference; lastKnownFileType = sourcecode.c.h; name = CLScoreServerRequest.h; path = libs/cocoslive/CLScoreServerRequest.h; sourceTree = "<group>"; };
		DE47F362147B745C00C62AF6 /* CLScoreServerRequest.m */ = {isa = PBXFileReference; lastKnownFileType = sourcecode.c.objc; name = CLScoreServerRequest.m; path = libs/cocoslive/CLScoreServerRequest.m; sourceTree = "<group>"; };
		DE47F364147B745C00C62AF6 /* cocoslive.h */ = {isa = PBXFileReference; lastKnownFileType = sourcecode.c.h; name = cocoslive.h; path = libs/cocoslive/cocoslive.h; sourceTree = "<group>"; };
		DE47F365147B745C00C62AF6 /* cocoslive.m */ = {isa = PBXFileReference; lastKnownFileType = sourcecode.c.objc; name = cocoslive.m; path = libs/cocoslive/cocoslive.m; sourceTree = "<group>"; };
		DE47F367147B745C00C62AF6 /* LICENSE_TouchJSON.txt */ = {isa = PBXFileReference; lastKnownFileType = text; name = LICENSE_TouchJSON.txt; path = libs/LICENSE_TouchJSON.txt; sourceTree = "<group>"; };
		DE47F369147B745C00C62AF6 /* CDataScanner.h */ = {isa = PBXFileReference; lastKnownFileType = sourcecode.c.h; name = CDataScanner.h; path = libs/TouchJSON/CDataScanner.h; sourceTree = "<group>"; };
		DE47F36A147B745C00C62AF6 /* CDataScanner.m */ = {isa = PBXFileReference; lastKnownFileType = sourcecode.c.objc; name = CDataScanner.m; path = libs/TouchJSON/CDataScanner.m; sourceTree = "<group>"; };
		DE47F36D147B745C00C62AF6 /* CDataScanner_Extensions.h */ = {isa = PBXFileReference; lastKnownFileType = sourcecode.c.h; name = CDataScanner_Extensions.h; path = libs/TouchJSON/Extensions/CDataScanner_Extensions.h; sourceTree = "<group>"; };
		DE47F36E147B745C00C62AF6 /* CDataScanner_Extensions.m */ = {isa = PBXFileReference; lastKnownFileType = sourcecode.c.objc; name = CDataScanner_Extensions.m; path = libs/TouchJSON/Extensions/CDataScanner_Extensions.m; sourceTree = "<group>"; };
		DE47F370147B745C00C62AF6 /* NSDictionary_JSONExtensions.h */ = {isa = PBXFileReference; lastKnownFileType = sourcecode.c.h; name = NSDictionary_JSONExtensions.h; path = libs/TouchJSON/Extensions/NSDictionary_JSONExtensions.h; sourceTree = "<group>"; };
		DE47F371147B745C00C62AF6 /* NSDictionary_JSONExtensions.m */ = {isa = PBXFileReference; lastKnownFileType = sourcecode.c.objc; name = NSDictionary_JSONExtensions.m; path = libs/TouchJSON/Extensions/NSDictionary_JSONExtensions.m; sourceTree = "<group>"; };
		DE47F374147B745C00C62AF6 /* CJSONDeserializer.h */ = {isa = PBXFileReference; lastKnownFileType = sourcecode.c.h; name = CJSONDeserializer.h; path = libs/TouchJSON/JSON/CJSONDeserializer.h; sourceTree = "<group>"; };
		DE47F375147B745C00C62AF6 /* CJSONDeserializer.m */ = {isa = PBXFileReference; lastKnownFileType = sourcecode.c.objc; name = CJSONDeserializer.m; path = libs/TouchJSON/JSON/CJSONDeserializer.m; sourceTree = "<group>"; };
		DE47F377147B745C00C62AF6 /* CJSONScanner.h */ = {isa = PBXFileReference; lastKnownFileType = sourcecode.c.h; name = CJSONScanner.h; path = libs/TouchJSON/JSON/CJSONScanner.h; sourceTree = "<group>"; };
		DE47F378147B745C00C62AF6 /* CJSONScanner.m */ = {isa = PBXFileReference; lastKnownFileType = sourcecode.c.objc; name = CJSONScanner.m; path = libs/TouchJSON/JSON/CJSONScanner.m; sourceTree = "<group>"; };
		DE47F37A147B745C00C62AF6 /* CJSONSerializer.h */ = {isa = PBXFileReference; lastKnownFileType = sourcecode.c.h; name = CJSONSerializer.h; path = libs/TouchJSON/JSON/CJSONSerializer.h; sourceTree = "<group>"; };
		DE47F37B147B745C00C62AF6 /* CJSONSerializer.m */ = {isa = PBXFileReference; lastKnownFileType = sourcecode.c.objc; name = CJSONSerializer.m; path = libs/TouchJSON/JSON/CJSONSerializer.m; sourceTree = "<group>"; };
		DE47F37D147B745C00C62AF6 /* JSONRepresentation.h */ = {isa = PBXFileReference; lastKnownFileType = sourcecode.c.h; name = JSONRepresentation.h; path = libs/TouchJSON/JSON/JSONRepresentation.h; sourceTree = "<group>"; };
		DE47F37F147B745C00C62AF6 /* FontLabel.h */ = {isa = PBXFileReference; lastKnownFileType = sourcecode.c.h; name = FontLabel.h; path = libs/FontLabel/FontLabel.h; sourceTree = "<group>"; };
		DE47F380147B745C00C62AF6 /* FontLabel.m */ = {isa = PBXFileReference; lastKnownFileType = sourcecode.c.objc; name = FontLabel.m; path = libs/FontLabel/FontLabel.m; sourceTree = "<group>"; };
		DE47F382147B745C00C62AF6 /* FontLabelStringDrawing.h */ = {isa = PBXFileReference; lastKnownFileType = sourcecode.c.h; name = FontLabelStringDrawing.h; path = libs/FontLabel/FontLabelStringDrawing.h; sourceTree = "<group>"; };
		DE47F383147B745D00C62AF6 /* FontLabelStringDrawing.m */ = {isa = PBXFileReference; lastKnownFileType = sourcecode.c.objc; name = FontLabelStringDrawing.m; path = libs/FontLabel/FontLabelStringDrawing.m; sourceTree = "<group>"; };
		DE47F385147B745D00C62AF6 /* FontManager.h */ = {isa = PBXFileReference; lastKnownFileType = sourcecode.c.h; name = FontManager.h; path = libs/FontLabel/FontManager.h; sourceTree = "<group>"; };
		DE47F386147B745D00C62AF6 /* FontManager.m */ = {isa = PBXFileReference; lastKnownFileType = sourcecode.c.objc; name = FontManager.m; path = libs/FontLabel/FontManager.m; sourceTree = "<group>"; };
		DE47F388147B745D00C62AF6 /* ZAttributedString.h */ = {isa = PBXFileReference; lastKnownFileType = sourcecode.c.h; name = ZAttributedString.h; path = libs/FontLabel/ZAttributedString.h; sourceTree = "<group>"; };
		DE47F389147B745D00C62AF6 /* ZAttributedString.m */ = {isa = PBXFileReference; lastKnownFileType = sourcecode.c.objc; name = ZAttributedString.m; path = libs/FontLabel/ZAttributedString.m; sourceTree = "<group>"; };
		DE47F38B147B745D00C62AF6 /* ZAttributedStringPrivate.h */ = {isa = PBXFileReference; lastKnownFileType = sourcecode.c.h; name = ZAttributedStringPrivate.h; path = libs/FontLabel/ZAttributedStringPrivate.h; sourceTree = "<group>"; };
		DE47F38C147B745D00C62AF6 /* ZFont.h */ = {isa = PBXFileReference; lastKnownFileType = sourcecode.c.h; name = ZFont.h; path = libs/FontLabel/ZFont.h; sourceTree = "<group>"; };
		DE47F38D147B745D00C62AF6 /* ZFont.m */ = {isa = PBXFileReference; lastKnownFileType = sourcecode.c.objc; name = ZFont.m; path = libs/FontLabel/ZFont.m; sourceTree = "<group>"; };
		DE47F38F147B745D00C62AF6 /* LICENSE_FontLabel.txt */ = {isa = PBXFileReference; lastKnownFileType = text; name = LICENSE_FontLabel.txt; path = libs/LICENSE_FontLabel.txt; sourceTree = "<group>"; };
		DE47F391147B745D00C62AF6 /* Prefix.pch */ = {isa = PBXFileReference; lastKnownFileType = sourcecode.c.h; path = Prefix.pch; sourceTree = "<group>"; };
		DE47F392147B745D00C62AF6 /* main.m */ = {isa = PBXFileReference; lastKnownFileType = sourcecode.c.objc; path = main.m; sourceTree = "<group>"; };
		DE47F394147B745D00C62AF6 /* AppDelegate.h */ = {isa = PBXFileReference; lastKnownFileType = sourcecode.c.h; path = AppDelegate.h; sourceTree = "<group>"; };
		DE47F395147B745D00C62AF6 /* AppDelegate.m */ = {isa = PBXFileReference; lastKnownFileType = sourcecode.c.objc; path = AppDelegate.m; sourceTree = "<group>"; };
		DE47F397147B745D00C62AF6 /* RootViewController.h */ = {isa = PBXFileReference; lastKnownFileType = sourcecode.c.h; path = RootViewController.h; sourceTree = "<group>"; };
		DE47F398147B745D00C62AF6 /* RootViewController.m */ = {isa = PBXFileReference; lastKnownFileType = sourcecode.c.objc; path = RootViewController.m; sourceTree = "<group>"; };
		DE47F39A147B745D00C62AF6 /* HelloWorldLayer.h */ = {isa = PBXFileReference; lastKnownFileType = sourcecode.c.h; path = HelloWorldLayer.h; sourceTree = "<group>"; };
		DE47F39B147B745D00C62AF6 /* HelloWorldLayer.m */ = {isa = PBXFileReference; lastKnownFileType = sourcecode.c.objc; path = HelloWorldLayer.m; sourceTree = "<group>"; };
		DE47F39D147B745D00C62AF6 /* GameConfig.h */ = {isa = PBXFileReference; lastKnownFileType = sourcecode.c.h; path = GameConfig.h; sourceTree = "<group>"; };
		DE53718614804F4000D11807 /* seeker.png */ = {isa = PBXFileReference; lastKnownFileType = image.png; name = seeker.png; path = Resources/seeker.png; sourceTree = "<group>"; };
/* End PBXFileReference section */

/* Begin PBXFrameworksBuildPhase section */
		DE47F228147B745800C62AF6 /* Frameworks */ = {
			isa = PBXFrameworksBuildPhase;
			buildActionMask = 2147483647;
			files = (
				DE47F230147B745800C62AF6 /* QuartzCore.framework in Frameworks */,
				DE47F232147B745800C62AF6 /* OpenGLES.framework in Frameworks */,
				DE47F234147B745800C62AF6 /* OpenAL.framework in Frameworks */,
				DE47F236147B745800C62AF6 /* AudioToolbox.framework in Frameworks */,
				DE47F238147B745800C62AF6 /* AVFoundation.framework in Frameworks */,
				DE47F23A147B745800C62AF6 /* UIKit.framework in Frameworks */,
				DE47F23C147B745800C62AF6 /* Foundation.framework in Frameworks */,
				DE47F23E147B745800C62AF6 /* CoreGraphics.framework in Frameworks */,
			);
			runOnlyForDeploymentPostprocessing = 0;
		};
/* End PBXFrameworksBuildPhase section */

/* Begin PBXGroup section */
		DE47F220147B745800C62AF6 = {
			isa = PBXGroup;
			children = (
				DE47F23F147B745800C62AF6 /* Lesson1 */,
				DE47F22E147B745800C62AF6 /* Frameworks */,
				DE47F22C147B745800C62AF6 /* Products */,
			);
			sourceTree = "<group>";
		};
		DE47F22C147B745800C62AF6 /* Products */ = {
			isa = PBXGroup;
			children = (
				DE47F22B147B745800C62AF6 /* Lesson1.app */,
			);
			name = Products;
			sourceTree = "<group>";
		};
		DE47F22E147B745800C62AF6 /* Frameworks */ = {
			isa = PBXGroup;
			children = (
				DE47F22F147B745800C62AF6 /* QuartzCore.framework */,
				DE47F231147B745800C62AF6 /* OpenGLES.framework */,
				DE47F233147B745800C62AF6 /* OpenAL.framework */,
				DE47F235147B745800C62AF6 /* AudioToolbox.framework */,
				DE47F237147B745800C62AF6 /* AVFoundation.framework */,
				DE47F239147B745800C62AF6 /* UIKit.framework */,
				DE47F23B147B745800C62AF6 /* Foundation.framework */,
				DE47F23D147B745800C62AF6 /* CoreGraphics.framework */,
			);
			name = Frameworks;
			sourceTree = "<group>";
		};
		DE47F23F147B745800C62AF6 /* Lesson1 */ = {
			isa = PBXGroup;
			children = (
				DE47F394147B745D00C62AF6 /* AppDelegate.h */,
				DE47F395147B745D00C62AF6 /* AppDelegate.m */,
				DE47F397147B745D00C62AF6 /* RootViewController.h */,
				DE47F398147B745D00C62AF6 /* RootViewController.m */,
				DE47F39A147B745D00C62AF6 /* HelloWorldLayer.h */,
				DE47F39B147B745D00C62AF6 /* HelloWorldLayer.m */,
				DE47F39D147B745D00C62AF6 /* GameConfig.h */,
				DE47F240147B745800C62AF6 /* Resources */,
				DE47F254147B745900C62AF6 /* libs */,
				DE47F390147B745D00C62AF6 /* Supporting Files */,
			);
			path = Lesson1;
			sourceTree = "<group>";
		};
		DE47F240147B745800C62AF6 /* Resources */ = {
			isa = PBXGroup;
			children = (
				DE53718614804F4000D11807 /* seeker.png */,
				DE47F241147B745800C62AF6 /* Default.png */,
				DE47F243147B745800C62AF6 /* fps_images.png */,
				DE47F245147B745800C62AF6 /* Icon-72.png */,
				DE47F247147B745800C62AF6 /* Icon-Small-50.png */,
				DE47F249147B745800C62AF6 /* Icon-Small.png */,
				DE47F24B147B745800C62AF6 /* Icon-Small@2x.png */,
				DE47F24D147B745800C62AF6 /* Icon.png */,
				DE47F24F147B745800C62AF6 /* Icon@2x.png */,
				DE47F251147B745800C62AF6 /* Info.plist */,
				DE47F252147B745900C62AF6 /* iTunesArtwork */,
			);
			name = Resources;
			sourceTree = "<group>";
		};
		DE47F254147B745900C62AF6 /* libs */ = {
			isa = PBXGroup;
			children = (
				DE47F34D147B745C00C62AF6 /* LICENSE_cocos2d.txt */,
				DE47F35C147B745C00C62AF6 /* LICENSE_CocosDenshion.txt */,
				DE47F367147B745C00C62AF6 /* LICENSE_TouchJSON.txt */,
				DE47F38F147B745D00C62AF6 /* LICENSE_FontLabel.txt */,
				DE47F255147B745900C62AF6 /* cocos2d */,
				DE47F34E147B745C00C62AF6 /* CocosDenshion */,
				DE47F35D147B745C00C62AF6 /* cocoslive */,
				DE47F368147B745C00C62AF6 /* TouchJSON */,
				DE47F37E147B745C00C62AF6 /* FontLabel */,
			);
			name = libs;
			sourceTree = "<group>";
		};
		DE47F255147B745900C62AF6 /* cocos2d */ = {
			isa = PBXGroup;
			children = (
				DE47F256147B745900C62AF6 /* CCAction.h */,
				DE47F257147B745900C62AF6 /* CCAction.m */,
				DE47F259147B745900C62AF6 /* CCActionCamera.h */,
				DE47F25A147B745900C62AF6 /* CCActionCamera.m */,
				DE47F25C147B745900C62AF6 /* CCActionEase.h */,
				DE47F25D147B745900C62AF6 /* CCActionEase.m */,
				DE47F25F147B745900C62AF6 /* CCActionGrid.h */,
				DE47F260147B745900C62AF6 /* CCActionGrid.m */,
				DE47F262147B745900C62AF6 /* CCActionGrid3D.h */,
				DE47F263147B745900C62AF6 /* CCActionGrid3D.m */,
				DE47F265147B745900C62AF6 /* CCActionInstant.h */,
				DE47F266147B745900C62AF6 /* CCActionInstant.m */,
				DE47F268147B745900C62AF6 /* CCActionInterval.h */,
				DE47F269147B745900C62AF6 /* CCActionInterval.m */,
				DE47F26B147B745900C62AF6 /* CCActionManager.h */,
				DE47F26C147B745900C62AF6 /* CCActionManager.m */,
				DE47F26E147B745900C62AF6 /* CCActionPageTurn3D.h */,
				DE47F26F147B745900C62AF6 /* CCActionPageTurn3D.m */,
				DE47F271147B745900C62AF6 /* CCActionProgressTimer.h */,
				DE47F272147B745900C62AF6 /* CCActionProgressTimer.m */,
				DE47F274147B745900C62AF6 /* CCActionTiledGrid.h */,
				DE47F275147B745900C62AF6 /* CCActionTiledGrid.m */,
				DE47F277147B745900C62AF6 /* CCActionTween.h */,
				DE47F278147B745900C62AF6 /* CCActionTween.m */,
				DE47F27A147B745900C62AF6 /* CCAnimation.h */,
				DE47F27B147B745900C62AF6 /* CCAnimation.m */,
				DE47F27D147B745900C62AF6 /* CCAnimationCache.h */,
				DE47F27E147B745900C62AF6 /* CCAnimationCache.m */,
				DE47F280147B745900C62AF6 /* CCAtlasNode.h */,
				DE47F281147B745900C62AF6 /* CCAtlasNode.m */,
				DE47F283147B745900C62AF6 /* CCBlockSupport.h */,
				DE47F284147B745900C62AF6 /* CCBlockSupport.m */,
				DE47F286147B745900C62AF6 /* CCCamera.h */,
				DE47F287147B745900C62AF6 /* CCCamera.m */,
				DE47F289147B745900C62AF6 /* ccConfig.h */,
				DE47F28A147B745900C62AF6 /* CCConfiguration.h */,
				DE47F28B147B745900C62AF6 /* CCConfiguration.m */,
				DE47F28D147B745900C62AF6 /* CCDirector.h */,
				DE47F28E147B745900C62AF6 /* CCDirector.m */,
				DE47F290147B745900C62AF6 /* CCDrawingPrimitives.h */,
				DE47F291147B745900C62AF6 /* CCDrawingPrimitives.m */,
				DE47F293147B745900C62AF6 /* CCGrabber.h */,
				DE47F294147B745900C62AF6 /* CCGrabber.m */,
				DE47F296147B745900C62AF6 /* CCGrid.h */,
				DE47F297147B745900C62AF6 /* CCGrid.m */,
				DE47F299147B745900C62AF6 /* CCLabelAtlas.h */,
				DE47F29A147B745900C62AF6 /* CCLabelAtlas.m */,
				DE47F29C147B745900C62AF6 /* CCLabelBMFont.h */,
				DE47F29D147B745900C62AF6 /* CCLabelBMFont.m */,
				DE47F29F147B745900C62AF6 /* CCLabelTTF.h */,
				DE47F2A0147B745900C62AF6 /* CCLabelTTF.m */,
				DE47F2A2147B745900C62AF6 /* CCLayer.h */,
				DE47F2A3147B745900C62AF6 /* CCLayer.m */,
				DE47F2A5147B745900C62AF6 /* ccMacros.h */,
				DE47F2A6147B745900C62AF6 /* CCMenu.h */,
				DE47F2A7147B745900C62AF6 /* CCMenu.m */,
				DE47F2A9147B745900C62AF6 /* CCMenuItem.h */,
				DE47F2AA147B745900C62AF6 /* CCMenuItem.m */,
				DE47F2AC147B745900C62AF6 /* CCMotionStreak.h */,
				DE47F2AD147B745900C62AF6 /* CCMotionStreak.m */,
				DE47F2AF147B745A00C62AF6 /* CCNode.h */,
				DE47F2B0147B745A00C62AF6 /* CCNode.m */,
				DE47F2B2147B745A00C62AF6 /* CCParallaxNode.h */,
				DE47F2B3147B745A00C62AF6 /* CCParallaxNode.m */,
				DE47F2B5147B745A00C62AF6 /* CCParticleBatchNode.h */,
				DE47F2B6147B745A00C62AF6 /* CCParticleBatchNode.m */,
				DE47F2B8147B745A00C62AF6 /* CCParticleExamples.h */,
				DE47F2B9147B745A00C62AF6 /* CCParticleExamples.m */,
				DE47F2BB147B745A00C62AF6 /* CCParticleSystem.h */,
				DE47F2BC147B745A00C62AF6 /* CCParticleSystem.m */,
				DE47F2BE147B745A00C62AF6 /* CCParticleSystemPoint.h */,
				DE47F2BF147B745A00C62AF6 /* CCParticleSystemPoint.m */,
				DE47F2C1147B745A00C62AF6 /* CCParticleSystemQuad.h */,
				DE47F2C2147B745A00C62AF6 /* CCParticleSystemQuad.m */,
				DE47F2C4147B745A00C62AF6 /* CCProgressTimer.h */,
				DE47F2C5147B745A00C62AF6 /* CCProgressTimer.m */,
				DE47F2C7147B745A00C62AF6 /* CCProtocols.h */,
				DE47F2C8147B745A00C62AF6 /* CCRenderTexture.h */,
				DE47F2C9147B745A00C62AF6 /* CCRenderTexture.m */,
				DE47F2CB147B745A00C62AF6 /* CCRibbon.h */,
				DE47F2CC147B745A00C62AF6 /* CCRibbon.m */,
				DE47F2CE147B745A00C62AF6 /* CCScene.h */,
				DE47F2CF147B745A00C62AF6 /* CCScene.m */,
				DE47F2D1147B745A00C62AF6 /* CCScheduler.h */,
				DE47F2D2147B745A00C62AF6 /* CCScheduler.m */,
				DE47F2D4147B745A00C62AF6 /* CCSprite.h */,
				DE47F2D5147B745A00C62AF6 /* CCSprite.m */,
				DE47F2D7147B745A00C62AF6 /* CCSpriteBatchNode.h */,
				DE47F2D8147B745A00C62AF6 /* CCSpriteBatchNode.m */,
				DE47F2DA147B745A00C62AF6 /* CCSpriteFrame.h */,
				DE47F2DB147B745A00C62AF6 /* CCSpriteFrame.m */,
				DE47F2DD147B745A00C62AF6 /* CCSpriteFrameCache.h */,
				DE47F2DE147B745A00C62AF6 /* CCSpriteFrameCache.m */,
				DE47F2E0147B745A00C62AF6 /* CCTexture2D.h */,
				DE47F2E1147B745A00C62AF6 /* CCTexture2D.m */,
				DE47F2E3147B745A00C62AF6 /* CCTextureAtlas.h */,
				DE47F2E4147B745A00C62AF6 /* CCTextureAtlas.m */,
				DE47F2E6147B745A00C62AF6 /* CCTextureCache.h */,
				DE47F2E7147B745A00C62AF6 /* CCTextureCache.m */,
				DE47F2E9147B745A00C62AF6 /* CCTexturePVR.h */,
				DE47F2EA147B745B00C62AF6 /* CCTexturePVR.m */,
				DE47F2EC147B745B00C62AF6 /* CCTileMapAtlas.h */,
				DE47F2ED147B745B00C62AF6 /* CCTileMapAtlas.m */,
				DE47F2EF147B745B00C62AF6 /* CCTMXLayer.h */,
				DE47F2F0147B745B00C62AF6 /* CCTMXLayer.m */,
				DE47F2F2147B745B00C62AF6 /* CCTMXObjectGroup.h */,
				DE47F2F3147B745B00C62AF6 /* CCTMXObjectGroup.m */,
				DE47F2F5147B745B00C62AF6 /* CCTMXTiledMap.h */,
				DE47F2F6147B745B00C62AF6 /* CCTMXTiledMap.m */,
				DE47F2F8147B745B00C62AF6 /* CCTMXXMLParser.h */,
				DE47F2F9147B745B00C62AF6 /* CCTMXXMLParser.m */,
				DE47F2FB147B745B00C62AF6 /* CCTransition.h */,
				DE47F2FC147B745B00C62AF6 /* CCTransition.m */,
				DE47F2FE147B745B00C62AF6 /* CCTransitionPageTurn.h */,
				DE47F2FF147B745B00C62AF6 /* CCTransitionPageTurn.m */,
				DE47F301147B745B00C62AF6 /* CCTransitionRadial.h */,
				DE47F302147B745B00C62AF6 /* CCTransitionRadial.m */,
				DE47F304147B745B00C62AF6 /* ccTypes.h */,
				DE47F305147B745B00C62AF6 /* cocos2d.h */,
				DE47F306147B745B00C62AF6 /* cocos2d.m */,
				DE47F308147B745B00C62AF6 /* Platforms */,
				DE47F32D147B745B00C62AF6 /* Support */,
			);
			name = cocos2d;
			sourceTree = "<group>";
		};
		DE47F308147B745B00C62AF6 /* Platforms */ = {
			isa = PBXGroup;
			children = (
				DE47F309147B745B00C62AF6 /* CCGL.h */,
				DE47F30A147B745B00C62AF6 /* CCNS.h */,
				DE47F30B147B745B00C62AF6 /* iOS */,
				DE47F320147B745B00C62AF6 /* Mac */,
			);
			name = Platforms;
			sourceTree = "<group>";
		};
		DE47F30B147B745B00C62AF6 /* iOS */ = {
			isa = PBXGroup;
			children = (
				DE47F30C147B745B00C62AF6 /* CCDirectorIOS.h */,
				DE47F30D147B745B00C62AF6 /* CCDirectorIOS.m */,
				DE47F30F147B745B00C62AF6 /* CCTouchDelegateProtocol.h */,
				DE47F310147B745B00C62AF6 /* CCTouchDispatcher.h */,
				DE47F311147B745B00C62AF6 /* CCTouchDispatcher.m */,
				DE47F313147B745B00C62AF6 /* CCTouchHandler.h */,
				DE47F314147B745B00C62AF6 /* CCTouchHandler.m */,
				DE47F316147B745B00C62AF6 /* EAGLView.h */,
				DE47F317147B745B00C62AF6 /* EAGLView.m */,
				DE47F319147B745B00C62AF6 /* ES1Renderer.h */,
				DE47F31A147B745B00C62AF6 /* ES1Renderer.m */,
				DE47F31C147B745B00C62AF6 /* ESRenderer.h */,
				DE47F31D147B745B00C62AF6 /* glu.c */,
				DE47F31F147B745B00C62AF6 /* glu.h */,
			);
			name = iOS;
			sourceTree = "<group>";
		};
		DE47F320147B745B00C62AF6 /* Mac */ = {
			isa = PBXGroup;
			children = (
				DE47F321147B745B00C62AF6 /* CCDirectorMac.h */,
				DE47F322147B745B00C62AF6 /* CCDirectorMac.m */,
				DE47F324147B745B00C62AF6 /* CCEventDispatcher.h */,
				DE47F325147B745B00C62AF6 /* CCEventDispatcher.m */,
				DE47F327147B745B00C62AF6 /* MacGLView.h */,
				DE47F328147B745B00C62AF6 /* MacGLView.m */,
				DE47F32A147B745B00C62AF6 /* MacWindow.h */,
				DE47F32B147B745B00C62AF6 /* MacWindow.m */,
			);
			name = Mac;
			sourceTree = "<group>";
		};
		DE47F32D147B745B00C62AF6 /* Support */ = {
			isa = PBXGroup;
			children = (
				DE47F32E147B745B00C62AF6 /* base64.c */,
				DE47F330147B745B00C62AF6 /* base64.h */,
				DE47F331147B745B00C62AF6 /* CCArray.h */,
				DE47F332147B745B00C62AF6 /* CCArray.m */,
				DE47F334147B745B00C62AF6 /* ccCArray.h */,
				DE47F335147B745B00C62AF6 /* CCFileUtils.h */,
				DE47F336147B745B00C62AF6 /* CCFileUtils.m */,
				DE47F338147B745B00C62AF6 /* CCProfiling.h */,
				DE47F339147B745B00C62AF6 /* CCProfiling.m */,
				DE47F33B147B745B00C62AF6 /* ccUtils.c */,
				DE47F33D147B745B00C62AF6 /* ccUtils.h */,
				DE47F33E147B745B00C62AF6 /* CGPointExtension.h */,
				DE47F33F147B745B00C62AF6 /* CGPointExtension.m */,
				DE47F341147B745B00C62AF6 /* OpenGL_Internal.h */,
				DE47F342147B745B00C62AF6 /* TGAlib.h */,
				DE47F343147B745B00C62AF6 /* TGAlib.m */,
				DE47F345147B745C00C62AF6 /* TransformUtils.h */,
				DE47F346147B745C00C62AF6 /* TransformUtils.m */,
				DE47F348147B745C00C62AF6 /* uthash.h */,
				DE47F349147B745C00C62AF6 /* utlist.h */,
				DE47F34A147B745C00C62AF6 /* ZipUtils.h */,
				DE47F34B147B745C00C62AF6 /* ZipUtils.m */,
			);
			name = Support;
			sourceTree = "<group>";
		};
		DE47F34E147B745C00C62AF6 /* CocosDenshion */ = {
			isa = PBXGroup;
			children = (
				DE47F34F147B745C00C62AF6 /* CDAudioManager.h */,
				DE47F350147B745C00C62AF6 /* CDAudioManager.m */,
				DE47F352147B745C00C62AF6 /* CDConfig.h */,
				DE47F353147B745C00C62AF6 /* CDOpenALSupport.h */,
				DE47F354147B745C00C62AF6 /* CDOpenALSupport.m */,
				DE47F356147B745C00C62AF6 /* CocosDenshion.h */,
				DE47F357147B745C00C62AF6 /* CocosDenshion.m */,
				DE47F359147B745C00C62AF6 /* SimpleAudioEngine.h */,
				DE47F35A147B745C00C62AF6 /* SimpleAudioEngine.m */,
			);
			name = CocosDenshion;
			sourceTree = "<group>";
		};
		DE47F35D147B745C00C62AF6 /* cocoslive */ = {
			isa = PBXGroup;
			children = (
				DE47F35E147B745C00C62AF6 /* CLScoreServerPost.h */,
				DE47F35F147B745C00C62AF6 /* CLScoreServerPost.m */,
				DE47F361147B745C00C62AF6 /* CLScoreServerRequest.h */,
				DE47F362147B745C00C62AF6 /* CLScoreServerRequest.m */,
				DE47F364147B745C00C62AF6 /* cocoslive.h */,
				DE47F365147B745C00C62AF6 /* cocoslive.m */,
			);
			name = cocoslive;
			sourceTree = "<group>";
		};
		DE47F368147B745C00C62AF6 /* TouchJSON */ = {
			isa = PBXGroup;
			children = (
				DE47F369147B745C00C62AF6 /* CDataScanner.h */,
				DE47F36A147B745C00C62AF6 /* CDataScanner.m */,
				DE47F36C147B745C00C62AF6 /* Extensions */,
				DE47F373147B745C00C62AF6 /* JSON */,
			);
			name = TouchJSON;
			sourceTree = "<group>";
		};
		DE47F36C147B745C00C62AF6 /* Extensions */ = {
			isa = PBXGroup;
			children = (
				DE47F36D147B745C00C62AF6 /* CDataScanner_Extensions.h */,
				DE47F36E147B745C00C62AF6 /* CDataScanner_Extensions.m */,
				DE47F370147B745C00C62AF6 /* NSDictionary_JSONExtensions.h */,
				DE47F371147B745C00C62AF6 /* NSDictionary_JSONExtensions.m */,
			);
			name = Extensions;
			sourceTree = "<group>";
		};
		DE47F373147B745C00C62AF6 /* JSON */ = {
			isa = PBXGroup;
			children = (
				DE47F374147B745C00C62AF6 /* CJSONDeserializer.h */,
				DE47F375147B745C00C62AF6 /* CJSONDeserializer.m */,
				DE47F377147B745C00C62AF6 /* CJSONScanner.h */,
				DE47F378147B745C00C62AF6 /* CJSONScanner.m */,
				DE47F37A147B745C00C62AF6 /* CJSONSerializer.h */,
				DE47F37B147B745C00C62AF6 /* CJSONSerializer.m */,
				DE47F37D147B745C00C62AF6 /* JSONRepresentation.h */,
			);
			name = JSON;
			sourceTree = "<group>";
		};
		DE47F37E147B745C00C62AF6 /* FontLabel */ = {
			isa = PBXGroup;
			children = (
				DE47F37F147B745C00C62AF6 /* FontLabel.h */,
				DE47F380147B745C00C62AF6 /* FontLabel.m */,
				DE47F382147B745C00C62AF6 /* FontLabelStringDrawing.h */,
				DE47F383147B745D00C62AF6 /* FontLabelStringDrawing.m */,
				DE47F385147B745D00C62AF6 /* FontManager.h */,
				DE47F386147B745D00C62AF6 /* FontManager.m */,
				DE47F388147B745D00C62AF6 /* ZAttributedString.h */,
				DE47F389147B745D00C62AF6 /* ZAttributedString.m */,
				DE47F38B147B745D00C62AF6 /* ZAttributedStringPrivate.h */,
				DE47F38C147B745D00C62AF6 /* ZFont.h */,
				DE47F38D147B745D00C62AF6 /* ZFont.m */,
			);
			name = FontLabel;
			sourceTree = "<group>";
		};
		DE47F390147B745D00C62AF6 /* Supporting Files */ = {
			isa = PBXGroup;
			children = (
				DE47F391147B745D00C62AF6 /* Prefix.pch */,
				DE47F392147B745D00C62AF6 /* main.m */,
			);
			name = "Supporting Files";
			sourceTree = "<group>";
		};
/* End PBXGroup section */

/* Begin PBXNativeTarget section */
		DE47F22A147B745800C62AF6 /* Lesson1 */ = {
			isa = PBXNativeTarget;
			buildConfigurationList = DE47F3A0147B745D00C62AF6 /* Build configuration list for PBXNativeTarget "Lesson1" */;
			buildPhases = (
				DE47F227147B745800C62AF6 /* Sources */,
				DE47F228147B745800C62AF6 /* Frameworks */,
				DE47F229147B745800C62AF6 /* Resources */,
			);
			buildRules = (
			);
			dependencies = (
			);
			name = Lesson1;
			productName = Lesson1;
			productReference = DE47F22B147B745800C62AF6 /* Lesson1.app */;
			productType = "com.apple.product-type.application";
		};
/* End PBXNativeTarget section */

/* Begin PBXProject section */
		DE47F222147B745800C62AF6 /* Project object */ = {
			isa = PBXProject;
			attributes = {
				LastUpgradeCheck = 0420;
			};
			buildConfigurationList = DE47F225147B745800C62AF6 /* Build configuration list for PBXProject "Lesson1" */;
			compatibilityVersion = "Xcode 3.2";
			developmentRegion = English;
			hasScannedForEncodings = 0;
			knownRegions = (
				en,
			);
			mainGroup = DE47F220147B745800C62AF6;
			productRefGroup = DE47F22C147B745800C62AF6 /* Products */;
			projectDirPath = "";
			projectRoot = "";
			targets = (
				DE47F22A147B745800C62AF6 /* Lesson1 */,
			);
		};
/* End PBXProject section */

/* Begin PBXResourcesBuildPhase section */
		DE47F229147B745800C62AF6 /* Resources */ = {
			isa = PBXResourcesBuildPhase;
			buildActionMask = 2147483647;
			files = (
				DE47F242147B745800C62AF6 /* Default.png in Resources */,
				DE47F244147B745800C62AF6 /* fps_images.png in Resources */,
				DE47F246147B745800C62AF6 /* Icon-72.png in Resources */,
				DE47F248147B745800C62AF6 /* Icon-Small-50.png in Resources */,
				DE47F24A147B745800C62AF6 /* Icon-Small.png in Resources */,
				DE47F24C147B745800C62AF6 /* Icon-Small@2x.png in Resources */,
				DE47F24E147B745800C62AF6 /* Icon.png in Resources */,
				DE47F250147B745800C62AF6 /* Icon@2x.png in Resources */,
				DE47F253147B745900C62AF6 /* iTunesArtwork in Resources */,
				DE53718714804F4000D11807 /* seeker.png in Resources */,
			);
			runOnlyForDeploymentPostprocessing = 0;
		};
/* End PBXResourcesBuildPhase section */

/* Begin PBXSourcesBuildPhase section */
		DE47F227147B745800C62AF6 /* Sources */ = {
			isa = PBXSourcesBuildPhase;
			buildActionMask = 2147483647;
			files = (
				DE47F258147B745900C62AF6 /* CCAction.m in Sources */,
				DE47F25B147B745900C62AF6 /* CCActionCamera.m in Sources */,
				DE47F25E147B745900C62AF6 /* CCActionEase.m in Sources */,
				DE47F261147B745900C62AF6 /* CCActionGrid.m in Sources */,
				DE47F264147B745900C62AF6 /* CCActionGrid3D.m in Sources */,
				DE47F267147B745900C62AF6 /* CCActionInstant.m in Sources */,
				DE47F26A147B745900C62AF6 /* CCActionInterval.m in Sources */,
				DE47F26D147B745900C62AF6 /* CCActionManager.m in Sources */,
				DE47F270147B745900C62AF6 /* CCActionPageTurn3D.m in Sources */,
				DE47F273147B745900C62AF6 /* CCActionProgressTimer.m in Sources */,
				DE47F276147B745900C62AF6 /* CCActionTiledGrid.m in Sources */,
				DE47F279147B745900C62AF6 /* CCActionTween.m in Sources */,
				DE47F27C147B745900C62AF6 /* CCAnimation.m in Sources */,
				DE47F27F147B745900C62AF6 /* CCAnimationCache.m in Sources */,
				DE47F282147B745900C62AF6 /* CCAtlasNode.m in Sources */,
				DE47F285147B745900C62AF6 /* CCBlockSupport.m in Sources */,
				DE47F288147B745900C62AF6 /* CCCamera.m in Sources */,
				DE47F28C147B745900C62AF6 /* CCConfiguration.m in Sources */,
				DE47F28F147B745900C62AF6 /* CCDirector.m in Sources */,
				DE47F292147B745900C62AF6 /* CCDrawingPrimitives.m in Sources */,
				DE47F295147B745900C62AF6 /* CCGrabber.m in Sources */,
				DE47F298147B745900C62AF6 /* CCGrid.m in Sources */,
				DE47F29B147B745900C62AF6 /* CCLabelAtlas.m in Sources */,
				DE47F29E147B745900C62AF6 /* CCLabelBMFont.m in Sources */,
				DE47F2A1147B745900C62AF6 /* CCLabelTTF.m in Sources */,
				DE47F2A4147B745900C62AF6 /* CCLayer.m in Sources */,
				DE47F2A8147B745900C62AF6 /* CCMenu.m in Sources */,
				DE47F2AB147B745900C62AF6 /* CCMenuItem.m in Sources */,
				DE47F2AE147B745900C62AF6 /* CCMotionStreak.m in Sources */,
				DE47F2B1147B745A00C62AF6 /* CCNode.m in Sources */,
				DE47F2B4147B745A00C62AF6 /* CCParallaxNode.m in Sources */,
				DE47F2B7147B745A00C62AF6 /* CCParticleBatchNode.m in Sources */,
				DE47F2BA147B745A00C62AF6 /* CCParticleExamples.m in Sources */,
				DE47F2BD147B745A00C62AF6 /* CCParticleSystem.m in Sources */,
				DE47F2C0147B745A00C62AF6 /* CCParticleSystemPoint.m in Sources */,
				DE47F2C3147B745A00C62AF6 /* CCParticleSystemQuad.m in Sources */,
				DE47F2C6147B745A00C62AF6 /* CCProgressTimer.m in Sources */,
				DE47F2CA147B745A00C62AF6 /* CCRenderTexture.m in Sources */,
				DE47F2CD147B745A00C62AF6 /* CCRibbon.m in Sources */,
				DE47F2D0147B745A00C62AF6 /* CCScene.m in Sources */,
				DE47F2D3147B745A00C62AF6 /* CCScheduler.m in Sources */,
				DE47F2D6147B745A00C62AF6 /* CCSprite.m in Sources */,
				DE47F2D9147B745A00C62AF6 /* CCSpriteBatchNode.m in Sources */,
				DE47F2DC147B745A00C62AF6 /* CCSpriteFrame.m in Sources */,
				DE47F2DF147B745A00C62AF6 /* CCSpriteFrameCache.m in Sources */,
				DE47F2E2147B745A00C62AF6 /* CCTexture2D.m in Sources */,
				DE47F2E5147B745A00C62AF6 /* CCTextureAtlas.m in Sources */,
				DE47F2E8147B745A00C62AF6 /* CCTextureCache.m in Sources */,
				DE47F2EB147B745B00C62AF6 /* CCTexturePVR.m in Sources */,
				DE47F2EE147B745B00C62AF6 /* CCTileMapAtlas.m in Sources */,
				DE47F2F1147B745B00C62AF6 /* CCTMXLayer.m in Sources */,
				DE47F2F4147B745B00C62AF6 /* CCTMXObjectGroup.m in Sources */,
				DE47F2F7147B745B00C62AF6 /* CCTMXTiledMap.m in Sources */,
				DE47F2FA147B745B00C62AF6 /* CCTMXXMLParser.m in Sources */,
				DE47F2FD147B745B00C62AF6 /* CCTransition.m in Sources */,
				DE47F300147B745B00C62AF6 /* CCTransitionPageTurn.m in Sources */,
				DE47F303147B745B00C62AF6 /* CCTransitionRadial.m in Sources */,
				DE47F307147B745B00C62AF6 /* cocos2d.m in Sources */,
				DE47F30E147B745B00C62AF6 /* CCDirectorIOS.m in Sources */,
				DE47F312147B745B00C62AF6 /* CCTouchDispatcher.m in Sources */,
				DE47F315147B745B00C62AF6 /* CCTouchHandler.m in Sources */,
				DE47F318147B745B00C62AF6 /* EAGLView.m in Sources */,
				DE47F31B147B745B00C62AF6 /* ES1Renderer.m in Sources */,
				DE47F31E147B745B00C62AF6 /* glu.c in Sources */,
				DE47F323147B745B00C62AF6 /* CCDirectorMac.m in Sources */,
				DE47F326147B745B00C62AF6 /* CCEventDispatcher.m in Sources */,
				DE47F329147B745B00C62AF6 /* MacGLView.m in Sources */,
				DE47F32C147B745B00C62AF6 /* MacWindow.m in Sources */,
				DE47F32F147B745B00C62AF6 /* base64.c in Sources */,
				DE47F333147B745B00C62AF6 /* CCArray.m in Sources */,
				DE47F337147B745B00C62AF6 /* CCFileUtils.m in Sources */,
				DE47F33A147B745B00C62AF6 /* CCProfiling.m in Sources */,
				DE47F33C147B745B00C62AF6 /* ccUtils.c in Sources */,
				DE47F340147B745B00C62AF6 /* CGPointExtension.m in Sources */,
				DE47F344147B745B00C62AF6 /* TGAlib.m in Sources */,
				DE47F347147B745C00C62AF6 /* TransformUtils.m in Sources */,
				DE47F34C147B745C00C62AF6 /* ZipUtils.m in Sources */,
				DE47F351147B745C00C62AF6 /* CDAudioManager.m in Sources */,
				DE47F355147B745C00C62AF6 /* CDOpenALSupport.m in Sources */,
				DE47F358147B745C00C62AF6 /* CocosDenshion.m in Sources */,
				DE47F35B147B745C00C62AF6 /* SimpleAudioEngine.m in Sources */,
				DE47F360147B745C00C62AF6 /* CLScoreServerPost.m in Sources */,
				DE47F363147B745C00C62AF6 /* CLScoreServerRequest.m in Sources */,
				DE47F366147B745C00C62AF6 /* cocoslive.m in Sources */,
				DE47F36B147B745C00C62AF6 /* CDataScanner.m in Sources */,
				DE47F36F147B745C00C62AF6 /* CDataScanner_Extensions.m in Sources */,
				DE47F372147B745C00C62AF6 /* NSDictionary_JSONExtensions.m in Sources */,
				DE47F376147B745C00C62AF6 /* CJSONDeserializer.m in Sources */,
				DE47F379147B745C00C62AF6 /* CJSONScanner.m in Sources */,
				DE47F37C147B745C00C62AF6 /* CJSONSerializer.m in Sources */,
				DE47F381147B745C00C62AF6 /* FontLabel.m in Sources */,
				DE47F384147B745D00C62AF6 /* FontLabelStringDrawing.m in Sources */,
				DE47F387147B745D00C62AF6 /* FontManager.m in Sources */,
				DE47F38A147B745D00C62AF6 /* ZAttributedString.m in Sources */,
				DE47F38E147B745D00C62AF6 /* ZFont.m in Sources */,
				DE47F393147B745D00C62AF6 /* main.m in Sources */,
				DE47F396147B745D00C62AF6 /* AppDelegate.m in Sources */,
				DE47F399147B745D00C62AF6 /* RootViewController.m in Sources */,
				DE47F39C147B745D00C62AF6 /* HelloWorldLayer.m in Sources */,
			);
			runOnlyForDeploymentPostprocessing = 0;
		};
/* End PBXSourcesBuildPhase section */

/* Begin XCBuildConfiguration section */
		DE47F39E147B745D00C62AF6 /* Debug */ = {
			isa = XCBuildConfiguration;
			buildSettings = {
				ARCHS = "$(ARCHS_STANDARD_32_BIT)";
				"CODE_SIGN_IDENTITY[sdk=iphoneos*]" = "iPhone Developer";
				GCC_C_LANGUAGE_STANDARD = gnu99;
				GCC_OPTIMIZATION_LEVEL = 0;
				GCC_PREPROCESSOR_DEFINITIONS = (
					DEBUG,
					"COCOS2D_DEBUG=1",
				);
				GCC_SYMBOLS_PRIVATE_EXTERN = NO;
				GCC_VERSION = com.apple.compilers.llvmgcc42;
				GCC_WARN_ABOUT_RETURN_TYPE = YES;
				GCC_WARN_UNUSED_VARIABLE = YES;
				IPHONEOS_DEPLOYMENT_TARGET = 5.0;
				SDKROOT = iphoneos;
			};
			name = Debug;
		};
		DE47F39F147B745D00C62AF6 /* Release */ = {
			isa = XCBuildConfiguration;
			buildSettings = {
				ARCHS = "$(ARCHS_STANDARD_32_BIT)";
				"CODE_SIGN_IDENTITY[sdk=iphoneos*]" = "iPhone Developer";
				GCC_C_LANGUAGE_STANDARD = gnu99;
				GCC_PREPROCESSOR_DEFINITIONS = NDEBUG;
				GCC_VERSION = com.apple.compilers.llvmgcc42;
				GCC_WARN_ABOUT_RETURN_TYPE = YES;
				GCC_WARN_UNUSED_VARIABLE = YES;
				IPHONEOS_DEPLOYMENT_TARGET = 5.0;
				OTHER_CFLAGS = "-DNS_BLOCK_ASSERTIONS=1";
				SDKROOT = iphoneos;
			};
			name = Release;
		};
		DE47F3A1147B745D00C62AF6 /* Debug */ = {
			isa = XCBuildConfiguration;
			buildSettings = {
				ALWAYS_SEARCH_USER_PATHS = NO;
				COPY_PHASE_STRIP = NO;
				GCC_DYNAMIC_NO_PIC = NO;
				GCC_PRECOMPILE_PREFIX_HEADER = YES;
				GCC_PREFIX_HEADER = Lesson1/Prefix.pch;
				"GCC_THUMB_SUPPORT[arch=armv6]" = "";
				INFOPLIST_FILE = Lesson1/Resources/Info.plist;
				OTHER_LDFLAGS = "-lz";
				PRODUCT_NAME = "$(TARGET_NAME)";
				WRAPPER_EXTENSION = app;
			};
			name = Debug;
		};
		DE47F3A2147B745D00C62AF6 /* Release */ = {
			isa = XCBuildConfiguration;
			buildSettings = {
				ALWAYS_SEARCH_USER_PATHS = NO;
				COPY_PHASE_STRIP = YES;
				GCC_PRECOMPILE_PREFIX_HEADER = YES;
				GCC_PREFIX_HEADER = Lesson1/Prefix.pch;
				"GCC_THUMB_SUPPORT[arch=armv6]" = "";
				INFOPLIST_FILE = Lesson1/Resources/Info.plist;
				OTHER_LDFLAGS = "-lz";
				PRODUCT_NAME = "$(TARGET_NAME)";
				VALIDATE_PRODUCT = YES;
				WRAPPER_EXTENSION = app;
			};
			name = Release;
		};
/* End XCBuildConfiguration section */

/* Begin XCConfigurationList section */
		DE47F225147B745800C62AF6 /* Build configuration list for PBXProject "Lesson1" */ = {
			isa = XCConfigurationList;
			buildConfigurations = (
				DE47F39E147B745D00C62AF6 /* Debug */,
				DE47F39F147B745D00C62AF6 /* Release */,
			);
			defaultConfigurationIsVisible = 0;
			defaultConfigurationName = Release;
		};
		DE47F3A0147B745D00C62AF6 /* Build configuration list for PBXNativeTarget "Lesson1" */ = {
			isa = XCConfigurationList;
			buildConfigurations = (
				DE47F3A1147B745D00C62AF6 /* Debug */,
				DE47F3A2147B745D00C62AF6 /* Release */,
			);
			defaultConfigurationIsVisible = 0;
			defaultConfigurationName = Release;
		};
/* End XCConfigurationList section */
	};
	rootObject = DE47F222147B745800C62AF6 /* Project object */;
}
